// !$*UTF8*$!
{
	archiveVersion = 1;
	classes = {
	};
	objectVersion = 46;
	objects = {

/* Begin PBXBuildFile section */
		00D76851A8B9D465B2A2842E /* ../../Source/Node/ui/NodeManagerViewUI.cpp */ = {isa = PBXBuildFile; fileRef = E282EE4A56F6B3D0E732F78F; };
		02CBCC84561EDE752436DEC5 /* ../../JuceLibraryCode/include_juce_organicui2.cpp */ = {isa = PBXBuildFile; fileRef = 741145CF557D3323427536E9; };
		080CC6C4F2020DDC4A6970FB /* ../../Source/Interface/ui/InterfaceManagerUI.cpp */ = {isa = PBXBuildFile; fileRef = 2D135AC85A276C70A2901974; };
		12BC2A74CA935F08EAA472EC /* ../../Source/Engine/AudioManager.cpp */ = {isa = PBXBuildFile; fileRef = 7670D58AA0FFEFAA0412609F; };
		15952A035297BDE661EA2ED7 /* ../../Source/Common/Serial/lib/serial/impl/unix.cc */ = {isa = PBXBuildFile; fileRef = 7826B6FB3EABEC03F4E90C48; };
		16CA15759CD26DC461A161D1 /* ../../Source/Node/nodes/vst/ui/VSTLinkedParameterUI.cpp */ = {isa = PBXBuildFile; fileRef = 84D2879FC27A3B0FB0227AAE; };
		1C791EFC33DC6BEE67A3ECE5 /* ../../Source/Node/Connection/ui/NodeConnectionViewUI.cpp */ = {isa = PBXBuildFile; fileRef = CEF85D1DE39EFB3132381DB5; };
		1DBD0AA207331F130974F166 /* ../../Source/Node/Connection/ui/NodeConnector.cpp */ = {isa = PBXBuildFile; fileRef = 78D14554A5AB9F38E531B5BB; };
		1DF9AAF8A37747B30F2241AF /* System/Library/Frameworks/Cocoa.framework */ = {isa = PBXBuildFile; fileRef = 148F888C5AC71F227501279F; };
		1E158326F5F572CC0DEE0550 /* ../../Source/Node/ui/NodeUI.cpp */ = {isa = PBXBuildFile; fileRef = 8B2CB4E39ADD7811904BDFA0; };
		21DB36313703FE475B623260 /* ../../Source/Node/nodes/vst/VSTLinkedParameter.cpp */ = {isa = PBXBuildFile; fileRef = B023B4BC9ADDF0EA07CFF028; };
		25D8BC0C2329D31E47DE628A /* ../../Source/Node/ui/NodeManagerUI.cpp */ = {isa = PBXBuildFile; fileRef = 2C20037FB72504C4BD9A339D; };
		277AD72D0C0FE152193686B7 /* System/Library/Frameworks/AudioUnit.framework */ = {isa = PBXBuildFile; fileRef = 20F63F1A3C198862AF6C4326; };
		28C11FD31FE998B37B7BF742 /* ../../JuceLibraryCode/include_juce_simpleweb2.cpp */ = {isa = PBXBuildFile; fileRef = 9AC376B4418CF6BA712F68CE; };
		2A7937C8EFFC4848B82D9B7F /* ../../Source/Node/Connection/ui/NodeConnectionManagerViewUI.cpp */ = {isa = PBXBuildFile; fileRef = EB3D0AB52B22A175720CB98A; };
		2BA420EB8AA59E1AC3831701 /* ../../Source/Common/Serial/lib/serial/impl/win.cc */ = {isa = PBXBuildFile; fileRef = AEA237F4801479C612F6B8A1; };
		2E2A85A0EB295561A4BFE630 /* ../../Source/Interface/Interface.cpp */ = {isa = PBXBuildFile; fileRef = FBCDB20CE999BAE758327213; };
		31FD584FD2337E72B1500375 /* ../../JuceLibraryCode/include_juce_audio_processors.mm */ = {isa = PBXBuildFile; fileRef = D79881BCEEE0D572090EFD7F; };
		383161D8BA5431CBBC808175 /* ../../JuceLibraryCode/include_juce_osc.cpp */ = {isa = PBXBuildFile; fileRef = 1EBAAFB7B33347A8FACCEFA5; };
		3A0A6594C4CD6FC013C1B6CC /* ../../Source/Common/MIDI/ui/MIDIDeviceParameterUI.cpp */ = {isa = PBXBuildFile; fileRef = 359E621A6871EF9BDCD30FF6; };
		40F770D66E1BAF7286C96C60 /* ../../JuceLibraryCode/include_juce_organicui4.cpp */ = {isa = PBXBuildFile; fileRef = FE6B21EF19C19C84D19F48B6; };
		416A0B87D04FEBDA81C03556 /* ../../Source/Interface/InterfaceManager.cpp */ = {isa = PBXBuildFile; fileRef = 7DB2AC6358846EAA873A9436; };
		41CC1BAF3544933BBA20F824 /* ../../JuceLibraryCode/include_juce_organicui3.cpp */ = {isa = PBXBuildFile; fileRef = F7546626F5987ED1AFE6D40A; };
		436B4A7F247922AA0B903941 /* ../../Source/Node/nodes/router/ui/AudioRouterNodeUI.cpp */ = {isa = PBXBuildFile; fileRef = 373F435ABA8CA74095B493EF; };
		43DDA6E2A14AA77FC2D35C17 /* ../../Source/Common/Serial/SerialManager.cpp */ = {isa = PBXBuildFile; fileRef = 75F216D420AA2A5C657DA8E7; };
		450AD1E593412651BDCA2C4F /* ../../JuceLibraryCode/include_juce_audio_devices.mm */ = {isa = PBXBuildFile; fileRef = C6194CC60A33215D7E62429B; };
		4587F11EFF24223DE0726BE5 /* System/Library/Frameworks/DiscRecording.framework */ = {isa = PBXBuildFile; fileRef = C1506F409953753093758A71; };
		463B977C5D27873BF4673B92 /* ../../Source/Interface/ui/InterfaceUI.cpp */ = {isa = PBXBuildFile; fileRef = 916E75D0D07D60EB2A455F8B; };
		476A3EE18EAE02C3BB419F9D /* ../../Source/Common/AudioHelpers.cpp */ = {isa = PBXBuildFile; fileRef = 7B0FD2332F68D984B42CB497; };
		48DC06C4B7D4BC49FBDD09A7 /* ../../JuceLibraryCode/include_juce_gui_extra.mm */ = {isa = PBXBuildFile; fileRef = BEC21D9389CC84DE2A6A22C6; };
		49938A408150C04CAE1280A4 /* ../../Source/Common/Serial/lib/serial/impl/list_ports/list_ports_linux.cc */ = {isa = PBXBuildFile; fileRef = 2A00FB335325AFC037E3C916; };
		4EFDBFD373DED0858C08703B /* Icon.icns */ = {isa = PBXBuildFile; fileRef = 091EEE0FF52DF9B2CE28BCBE; };
		4FC098D6A99C54CF3788A48C /* System/Library/Frameworks/OpenGL.framework */ = {isa = PBXBuildFile; fileRef = 237984418F226657BC6FDEB6; };
		5045CC99C38D9CE766F82B6A /* ../../Source/Node/nodes/vst/ui/VSTNodeViewUI.cpp */ = {isa = PBXBuildFile; fileRef = 8C29D7354E42E53340668E47; };
		51B8E3F3726ADC750BCFCB40 /* ../../Source/Node/NodeFactory.cpp */ = {isa = PBXBuildFile; fileRef = E58E95BFB7B15AF49F22719A; };
		51EA34DE5982EB525938CC64 /* ../../Source/MainComponentCommands.cpp */ = {isa = PBXBuildFile; fileRef = 5CD89BBDF3160B85DEE0469B; };
		54DCA5E7DFA35E8A09445713 /* ../../JuceLibraryCode/include_juce_organicui2b.cpp */ = {isa = PBXBuildFile; fileRef = 5757572F2471A7439BA771F5; };
		58A42D74DE300825E6EC3644 /* ../../JuceLibraryCode/include_juce_audio_utils.mm */ = {isa = PBXBuildFile; fileRef = 9C2A390D94243CD049AA35EC; };
		5AA204ADEACFF255283733E1 /* ../../Source/Node/nodes/looper/AudioLooperTrack.cpp */ = {isa = PBXBuildFile; fileRef = 70980459B2FCF9B564E37411; };
		5B6D90759725E38BA0A06325 /* ../../Source/Common/MIDI/MTCReceiver.cpp */ = {isa = PBXBuildFile; fileRef = FF6235215066077E631E8E7F; };
		5C8A6C5D3BEC266DEE432DFE /* System/Library/Frameworks/IOKit.framework */ = {isa = PBXBuildFile; fileRef = 3DCAA901175936711B7515FF; };
		5CB4EF23740A2CEE713BCCC2 /* ../../Source/Node/nodes/spat/SpatItem.cpp */ = {isa = PBXBuildFile; fileRef = 88B80FF1A1B7C9BA9C8A51A1; };
		60F887BBFCAB43139B150D5C /* ../../Source/Engine/ui/VSTManagerUI.cpp */ = {isa = PBXBuildFile; fileRef = 33D4BB6BBEC6AA9F3FA95365; };
		66B929AE2EA804812FFE99DF /* ../../Source/Common/Serial/lib/serial/impl/list_ports/list_ports_win.cc */ = {isa = PBXBuildFile; fileRef = A5F8A45FE7AE9E352DBDDB27; };
		67A3BDC18146BBB83BCD7CD3 /* System/Library/Frameworks/Carbon.framework */ = {isa = PBXBuildFile; fileRef = A74F9AEDDDB240B88F9ED92D; };
		6BD007CD1D8D82A65A911F74 /* ../../Source/Common/MIDI/MIDIManager.cpp */ = {isa = PBXBuildFile; fileRef = 5610546358E3D49357019B8F; };
		70BAC492F082094B21159CEC /* ../../Source/Common/MIDI/MIDIDevice.cpp */ = {isa = PBXBuildFile; fileRef = 5B2C68E32F934D4FB1D0AF6E; };
		71BE39A8BAEC827D77DFF23E /* ../../Source/Node/nodes/spat/ui/SpatNodeViewUI.cpp */ = {isa = PBXBuildFile; fileRef = 55EEAD8AFDD8024BA2524572; };
		733DD41903EBF2C2F5BB411D /* System/Library/Frameworks/Accelerate.framework */ = {isa = PBXBuildFile; fileRef = 4E67D17383B701E0FFD53754; };
		7AC155A654D74B5167AB4F35 /* ../../JuceLibraryCode/include_juce_gui_basics.mm */ = {isa = PBXBuildFile; fileRef = C48A57AB25DBA5C512ACDB2C; };
		7B954FED1AA89B2193672805 /* ../../Source/Node/nodes/looper/LooperTrack.cpp */ = {isa = PBXBuildFile; fileRef = A4DBBD95E70CB4701AEB5AE9; };
		7F04CAED28FF42045CFB6849 /* ../../Source/Node/nodes/spat/ui/SpatItemUI.cpp */ = {isa = PBXBuildFile; fileRef = 8530BA68A7A0DE66DF8BC751; };
		7F5C2B59408129CCE964CC80 /* ../../Source/Common/MIDI/MTCSender.cpp */ = {isa = PBXBuildFile; fileRef = DAA80D35A376B32DB21ABF1B; };
		80719916864403CC1F3D5EB8 /* System/Library/Frameworks/AudioToolbox.framework */ = {isa = PBXBuildFile; fileRef = 3D2CBC346A0DEA15D4CC6D78; };
		82882B6EAF553922853A3DBE /* ../../Source/Node/Connection/ui/NodeConnectionEditor.cpp */ = {isa = PBXBuildFile; fileRef = EF8A084EAE63305FD16CD2D0; };
		83613C33A4CB0E8079400D08 /* ../../Source/Node/nodes/vst/VSTNode.cpp */ = {isa = PBXBuildFile; fileRef = 36A9825F0D2DD9FF84EA17E1; };
		83703621AC11348B1D15BEAF /* ../../Source/Node/nodes/sampler/ui/SamplerNodeUI.cpp */ = {isa = PBXBuildFile; fileRef = 6451E52FC5624125BFEA57EF; };
		8668D99ED6CE90129C7CBD9B /* ../../JuceLibraryCode/include_juce_organicui.cpp */ = {isa = PBXBuildFile; fileRef = 0DA31F87CFF887F48593D7E6; };
		868B8EEF2C35302C6D091BD5 /* ../../Source/Node/nodes/io/IONode.cpp */ = {isa = PBXBuildFile; fileRef = 04AD8E7D91666FBCBAF19258; };
		87521008636FF00A5662535C /* ../../Source/Node/nodes/router/AudioRouterNode.cpp */ = {isa = PBXBuildFile; fileRef = 1C7BD5C82793FFA795954C26; };
		88FB56C215505318E2CDE324 /* ../../JuceLibraryCode/include_juce_events.mm */ = {isa = PBXBuildFile; fileRef = D94A0DB2F0FE0BCE7C2D2B78; };
		8DC102E307EF75EE0CFFAAA7 /* ../../Source/Node/NodeManager.cpp */ = {isa = PBXBuildFile; fileRef = 5E55B89A27AC99BF159D09D9; };
		8E0542A2F682BF40C9A0E4EF /* ../../Source/Common/ConnectionUIHelper.cpp */ = {isa = PBXBuildFile; fileRef = 4512B8F41500EB4419C62669; };
		8F1FE1A4CEC1C762DC438BAF /* ../../Source/Node/nodes/looper/ui/LooperNodeViewUI.cpp */ = {isa = PBXBuildFile; fileRef = 19F11F31D630C760BBCEC079; };
		8F605F1CD41779C2757D5AB1 /* ../../Source/Common/AudioUIHelpers.cpp */ = {isa = PBXBuildFile; fileRef = 873A7EC76C6DB60E6CD566A4; };
		8FEDFBAC3111F9067B012C53 /* ../../Source/Node/nodes/looper/LooperNode.cpp */ = {isa = PBXBuildFile; fileRef = F974C2D82E5178DFE1C8CA09; };
		94FA27662E6EEEAC465873C3 /* System/Library/Frameworks/Foundation.framework */ = {isa = PBXBuildFile; fileRef = 14F932711A4916D2E2DF6896; };
		97B40DB33DF68D5E11A7B8BA /* ../../Source/Node/Connection/NodeConnection.cpp */ = {isa = PBXBuildFile; fileRef = 82617B1F023E813F6B61DB55; };
		996D4E28B6274DB5B3FF3B63 /* ../../Source/Engine/ui/AudioManagerEditor.cpp */ = {isa = PBXBuildFile; fileRef = 40B6E0978832E28C7C37F16E; };
		9A917147555923500B7CA828 /* ../../Source/Common/Serial/SerialDeviceParameter.cpp */ = {isa = PBXBuildFile; fileRef = C39971C2F79C6B0EE77F1C6C; };
		9C690A6C09D4E52ECF8CE964 /* ../../JuceLibraryCode/include_juce_simpleweb.cpp */ = {isa = PBXBuildFile; fileRef = 67038B9140608DAD8B6E6934; };
		9CDBF499431CB31F73E5E10C /* ../../JuceLibraryCode/include_juce_audio_formats.mm */ = {isa = PBXBuildFile; fileRef = DDDE73BE013ABB74466D9B4F; };
		9E31C1B4EDB3FB4F28816AC1 /* ../../Source/Node/Connection/NodeConnectionManager.cpp */ = {isa = PBXBuildFile; fileRef = 4F1A28AA9EE3359DCD52B0BC; };
		9E8467F9D7C26813045C7414 /* System/Library/Frameworks/CoreAudioKit.framework */ = {isa = PBXBuildFile; fileRef = 25C6CFFA3282EB81DB67A6AF; };
		A1794DB314B3A94E4E3BF65B /* ../../Source/Node/nodes/looper/AudioLooperNode.cpp */ = {isa = PBXBuildFile; fileRef = A7A9F61A5231C14E9C3727BA; };
		A88B1580E73C6258C2B09353 /* ../../JuceLibraryCode/include_juce_graphics.mm */ = {isa = PBXBuildFile; fileRef = F11E5C9F411D5F4CAA0045B4; };
		A8C84B5863A9D94C9AB47162 /* ../../JuceLibraryCode/include_juce_opengl.mm */ = {isa = PBXBuildFile; fileRef = B50559696E5176264924A111; };
		A960CCA6B39012B32BCA036D /* ../../JuceLibraryCode/include_juce_core.mm */ = {isa = PBXBuildFile; fileRef = 4E745442DDAFDF4E04490267; };
		AA2A18630C45CB76F94377F0 /* ../../Source/Common/MIDI/ui/MIDIDeviceChooser.cpp */ = {isa = PBXBuildFile; fileRef = A6D9C1B2426EE8972DB8A81B; };
		AD0EF314914A7C7454BD2EA1 /* ../../Source/Node/nodes/spat/ui/SpatView.cpp */ = {isa = PBXBuildFile; fileRef = 1D3C8F499EB1E5E8AF9B16E9; };
		AEC35F8423572146E47F0C70 /* ../../Source/Node/nodes/looper/ui/LooperTrackUI.cpp */ = {isa = PBXBuildFile; fileRef = 6D2B35E71D499D9E4E01E9FA; };
		B04647E3F99DBD999C1EDA37 /* ../../Source/Node/Node.cpp */ = {isa = PBXBuildFile; fileRef = 4647F2C3AE98B4565DA5939F; };
		B369571784C4FBED76ED5738 /* ../../Source/Common/Serial/lib/serial/serial.cc */ = {isa = PBXBuildFile; fileRef = AE29D315CADC57663A013656; };
		B57FAC03190BFF0C7813BB47 /* ../../Source/Node/nodes/mixer/ui/MixerNodeViewUI.cpp */ = {isa = PBXBuildFile; fileRef = 6F1D4F401F68DDCD1214D472; };
		B77D7F3C8C472791B2EBCA49 /* ../../Source/Transport/ui/TransportUI.cpp */ = {isa = PBXBuildFile; fileRef = CED99BEB7E233872AF13A4C4; };
		B815C735D399C97D12A77153 /* System/Library/Frameworks/CoreMIDI.framework */ = {isa = PBXBuildFile; fileRef = D568ABAE4F370BD92BF16787; };
		B8D0C4841AA753B93281702E /* ../../Source/Node/nodes/sampler/SamplerNode.cpp */ = {isa = PBXBuildFile; fileRef = 35F2E512694843E8F47287AE; };
		BADAEFBC76487F8E5F7FE35B /* ../../Source/Node/ui/NodeViewUI.cpp */ = {isa = PBXBuildFile; fileRef = E0030CE5FB0E247A4CF27996; };
		BCC7001D3B9642B090090273 /* ../../Source/Common/Serial/SerialDevice.cpp */ = {isa = PBXBuildFile; fileRef = CF6BB4052E1E8C4021B592EB; };
		BF40A91990E1FB1CC4CF28D3 /* ../../Source/Node/nodes/looper/MIDILooperTrack.cpp */ = {isa = PBXBuildFile; fileRef = CC6D02F4097155EF3C88BADC; };
		C12B0F88DD0B741DEDD4934F /* ../../Source/Main.cpp */ = {isa = PBXBuildFile; fileRef = 8E025BE22DED84DB6430C771; };
		C3205CDCFF5DECA0284ED584 /* ../../Source/Engine/LGMLSettings.cpp */ = {isa = PBXBuildFile; fileRef = 6352599CD8E6D8DB64962308; };
		C862E2DAF88ACB6B3B3D916F /* RecentFilesMenuTemplate.nib */ = {isa = PBXBuildFile; fileRef = 9E775318D3325A8F050B1C20; };
		C93F78CE99351AE2316C4FB2 /* ../../Source/Node/nodes/io/ui/IONodeViewUI.cpp */ = {isa = PBXBuildFile; fileRef = 0F1AEC80222EA651B4E3A1E4; };
		CC69DFEF15186DE85D0AEEE6 /* ../../Source/Transport/Transport.cpp */ = {isa = PBXBuildFile; fileRef = 859F4958802D47DEEC06564B; };
		CD40EF60B3FCD28CADE5CF02 /* ../../Source/Common/Serial/lib/serial/impl/list_ports/list_ports_osx.cc */ = {isa = PBXBuildFile; fileRef = B9A3D953F44F285AC5202522; };
		CFEFF05EFD1D55458347C970 /* System/Library/Frameworks/QuartzCore.framework */ = {isa = PBXBuildFile; fileRef = 0541796DAE701E4B19F42390; };
		D290400B52F9FBD455BB2ED3 /* ../../Source/MainComponent.cpp */ = {isa = PBXBuildFile; fileRef = 4B982CEDC55A9BE7B87BCC59; };
		DA6F1AEB0B56278EA4E53746 /* ../../Source/Engine/LGMLEngine.cpp */ = {isa = PBXBuildFile; fileRef = FF38CAF59F3A08E5FDB1555F; };
		DAC569BEE695B17CCBCC2148 /* System/Library/Frameworks/CoreAudio.framework */ = {isa = PBXBuildFile; fileRef = 030848E425B59E04EC0D9FF5; };
		DC3F01637C207965CC1432E9 /* ../../Source/Node/nodes/mixer/MixerNode.cpp */ = {isa = PBXBuildFile; fileRef = B8D7F037E1CA17E413E823DA; };
		DD4BB6E638A4FA6F4E19AA99 /* ../../JuceLibraryCode/BinaryData.cpp */ = {isa = PBXBuildFile; fileRef = C581EDAA4D805AC8BEDD0F90; };
		DEDD9B018B5E9DE06C97C605 /* ../../Source/Common/Serial/lib/cobs/cobs.cpp */ = {isa = PBXBuildFile; fileRef = 1A3FCD8F1A1D0EAB67CCB561; };
		E4EE4A3B744F33AA3A7D6334 /* ../../Source/Node/nodes/container/ContainerNode.cpp */ = {isa = PBXBuildFile; fileRef = F0DC7BA1288CB8F0C5BEBB8D; };
		E8FE75A8B168ACCCFF304651 /* System/Library/Frameworks/WebKit.framework */ = {isa = PBXBuildFile; fileRef = 00691923FD0FEF27E71438CD; };
		E98A4BD933822E93D87F0D38 /* ../../JuceLibraryCode/include_juce_dsp.mm */ = {isa = PBXBuildFile; fileRef = 24AE3A7A38EA7A306C670367; };
		EC9D9679278FD9D140CDB2F5 /* ../../Source/Node/nodes/spat/SpatNode.cpp */ = {isa = PBXBuildFile; fileRef = 3D00A98E8D33E781EE04DA18; };
		EDEC1856A2AFBABE114E3C7D /* ../../Source/Common/MIDI/MIDIDeviceParameter.cpp */ = {isa = PBXBuildFile; fileRef = 97BE76C173A3573CFFE385EE; };
		EF69A87F272D7C597C4BBA28 /* ../../JuceLibraryCode/include_juce_audio_basics.mm */ = {isa = PBXBuildFile; fileRef = FC57670C4734632FC50D2C47; };
		F6F83967BE7C09A27F169D3D /* ../../Source/Node/nodes/looper/MIDILooperNode.cpp */ = {isa = PBXBuildFile; fileRef = AAC144AD2644909839DE1622; };
		F8592A11CF3663F43E37D5E6 /* App */ = {isa = PBXBuildFile; fileRef = 8096301EEC61AAC32909A2B1; };
		F92E79A4600859CB788E9129 /* ../../JuceLibraryCode/include_juce_data_structures.mm */ = {isa = PBXBuildFile; fileRef = 5AD384D4D6F8086C677B641A; };
		FD7114409F4982F9FA485BE7 /* ../../Source/Node/nodes/io/MIDIIONode.cpp */ = {isa = PBXBuildFile; fileRef = 488A1FB6D629F4C2D3640F0E; };
		FEA2AE3DC66AEAFF67D547F7 /* ../../Source/Node/nodes/container/ui/ContainerNodeUI.cpp */ = {isa = PBXBuildFile; fileRef = 498A61F43013F8E31F2027EC; };
		FF80D6A915F0C3F8434801AC /* ../../Source/Engine/VSTManager.cpp */ = {isa = PBXBuildFile; fileRef = C1A78D0E5338B2A24824BF37; };
/* End PBXBuildFile section */

/* Begin PBXFileReference section */
		00572176DF83C52AE2388993 /* ../../Source/Common/MIDI/ui/MIDIDeviceParameterUI.h */ /* MIDIDeviceParameterUI.h */ = {isa = PBXFileReference; lastKnownFileType = sourcecode.c.h; name = MIDIDeviceParameterUI.h; path = ../../Source/Common/MIDI/ui/MIDIDeviceParameterUI.h; sourceTree = SOURCE_ROOT; };
		00691923FD0FEF27E71438CD /* System/Library/Frameworks/WebKit.framework */ /* WebKit.framework */ = {isa = PBXFileReference; lastKnownFileType = wrapper.framework; name = WebKit.framework; path = System/Library/Frameworks/WebKit.framework; sourceTree = SDKROOT; };
		00A2F0B94E896892BD218107 /* ../../Source/Common/AudioUIHelpers.h */ /* AudioUIHelpers.h */ = {isa = PBXFileReference; lastKnownFileType = sourcecode.c.h; name = AudioUIHelpers.h; path = ../../Source/Common/AudioUIHelpers.h; sourceTree = SOURCE_ROOT; };
		030848E425B59E04EC0D9FF5 /* System/Library/Frameworks/CoreAudio.framework */ /* CoreAudio.framework */ = {isa = PBXFileReference; lastKnownFileType = wrapper.framework; name = CoreAudio.framework; path = System/Library/Frameworks/CoreAudio.framework; sourceTree = SDKROOT; };
		04AD8E7D91666FBCBAF19258 /* ../../Source/Node/nodes/io/IONode.cpp */ /* IONode.cpp */ = {isa = PBXFileReference; lastKnownFileType = sourcecode.cpp.cpp; name = IONode.cpp; path = ../../Source/Node/nodes/io/IONode.cpp; sourceTree = SOURCE_ROOT; };
		0541796DAE701E4B19F42390 /* System/Library/Frameworks/QuartzCore.framework */ /* QuartzCore.framework */ = {isa = PBXFileReference; lastKnownFileType = wrapper.framework; name = QuartzCore.framework; path = System/Library/Frameworks/QuartzCore.framework; sourceTree = SDKROOT; };
		055A97C6CE8F759C0DB6AF47 /* ../../Source/Node/ui/NodeManagerViewUI.h */ /* NodeManagerViewUI.h */ = {isa = PBXFileReference; lastKnownFileType = sourcecode.c.h; name = NodeManagerViewUI.h; path = ../../Source/Node/ui/NodeManagerViewUI.h; sourceTree = SOURCE_ROOT; };
		07DF8431BFEA9C4D0AAC785F /* ../../Source/Node/Connection/ui/NodeConnector.h */ /* NodeConnector.h */ = {isa = PBXFileReference; lastKnownFileType = sourcecode.c.h; name = NodeConnector.h; path = ../../Source/Node/Connection/ui/NodeConnector.h; sourceTree = SOURCE_ROOT; };
		091EEE0FF52DF9B2CE28BCBE /* Icon.icns */ /* Icon.icns */ = {isa = PBXFileReference; lastKnownFileType = file.icns; name = Icon.icns; path = Icon.icns; sourceTree = SOURCE_ROOT; };
		0D55825E638DFCD338C1E581 /* ../../Source/Node/Connection/ui/NodeConnectionEditor.h */ /* NodeConnectionEditor.h */ = {isa = PBXFileReference; lastKnownFileType = sourcecode.c.h; name = NodeConnectionEditor.h; path = ../../Source/Node/Connection/ui/NodeConnectionEditor.h; sourceTree = SOURCE_ROOT; };
		0DA31F87CFF887F48593D7E6 /* ../../JuceLibraryCode/include_juce_organicui.cpp */ /* include_juce_organicui.cpp */ = {isa = PBXFileReference; lastKnownFileType = sourcecode.cpp.cpp; name = include_juce_organicui.cpp; path = ../../JuceLibraryCode/include_juce_organicui.cpp; sourceTree = SOURCE_ROOT; };
		0E6020EE96215C2885DE5CD6 /* ../../Source/Common/Serial/SerialDevice.h */ /* SerialDevice.h */ = {isa = PBXFileReference; lastKnownFileType = sourcecode.c.h; name = SerialDevice.h; path = ../../Source/Common/Serial/SerialDevice.h; sourceTree = SOURCE_ROOT; };
		0F1AEC80222EA651B4E3A1E4 /* ../../Source/Node/nodes/io/ui/IONodeViewUI.cpp */ /* IONodeViewUI.cpp */ = {isa = PBXFileReference; lastKnownFileType = sourcecode.cpp.cpp; name = IONodeViewUI.cpp; path = ../../Source/Node/nodes/io/ui/IONodeViewUI.cpp; sourceTree = SOURCE_ROOT; };
		1178B25810D021BCD1237144 /* ../../Modules/juce_organicui */ /* juce_organicui */ = {isa = PBXFileReference; lastKnownFileType = folder; name = juce_organicui; path = ../../Modules/juce_organicui; sourceTree = SOURCE_ROOT; };
		120660DDA13AF7FB2937C91C /* ../../Source/Common/Serial/SerialDeviceParameter.h */ /* SerialDeviceParameter.h */ = {isa = PBXFileReference; lastKnownFileType = sourcecode.c.h; name = SerialDeviceParameter.h; path = ../../Source/Common/Serial/SerialDeviceParameter.h; sourceTree = SOURCE_ROOT; };
		1224794C0E042C6573A0ACC8 /* ../../Source/Node/nodes/container/ui/ContainerNodeUI.h */ /* ContainerNodeUI.h */ = {isa = PBXFileReference; lastKnownFileType = sourcecode.c.h; name = ContainerNodeUI.h; path = ../../Source/Node/nodes/container/ui/ContainerNodeUI.h; sourceTree = SOURCE_ROOT; };
		13CF90DFC1204A7632151D4E /* ../../Source/Node/nodes/spat/ui/SpatView.h */ /* SpatView.h */ = {isa = PBXFileReference; lastKnownFileType = sourcecode.c.h; name = SpatView.h; path = ../../Source/Node/nodes/spat/ui/SpatView.h; sourceTree = SOURCE_ROOT; };
		148F888C5AC71F227501279F /* System/Library/Frameworks/Cocoa.framework */ /* Cocoa.framework */ = {isa = PBXFileReference; lastKnownFileType = wrapper.framework; name = Cocoa.framework; path = System/Library/Frameworks/Cocoa.framework; sourceTree = SDKROOT; };
		14F932711A4916D2E2DF6896 /* System/Library/Frameworks/Foundation.framework */ /* Foundation.framework */ = {isa = PBXFileReference; lastKnownFileType = wrapper.framework; name = Foundation.framework; path = System/Library/Frameworks/Foundation.framework; sourceTree = SDKROOT; };
		16D3E51E2FDD32BB40CAE5D0 /* ../../JuceLibraryCode/JuceHeader.h */ /* JuceHeader.h */ = {isa = PBXFileReference; lastKnownFileType = sourcecode.c.h; name = JuceHeader.h; path = ../../JuceLibraryCode/JuceHeader.h; sourceTree = SOURCE_ROOT; };
		18276969FFAAACF0866ECBE0 /* ../../Source/Node/nodes/vst/VSTLinkedParameter.h */ /* VSTLinkedParameter.h */ = {isa = PBXFileReference; lastKnownFileType = sourcecode.c.h; name = VSTLinkedParameter.h; path = ../../Source/Node/nodes/vst/VSTLinkedParameter.h; sourceTree = SOURCE_ROOT; };
		19F11F31D630C760BBCEC079 /* ../../Source/Node/nodes/looper/ui/LooperNodeViewUI.cpp */ /* LooperNodeViewUI.cpp */ = {isa = PBXFileReference; lastKnownFileType = sourcecode.cpp.cpp; name = LooperNodeViewUI.cpp; path = ../../Source/Node/nodes/looper/ui/LooperNodeViewUI.cpp; sourceTree = SOURCE_ROOT; };
		1A294BBC28883F10E2499A5A /* ../../Source/Node/Connection/NodeConnectionManager.h */ /* NodeConnectionManager.h */ = {isa = PBXFileReference; lastKnownFileType = sourcecode.c.h; name = NodeConnectionManager.h; path = ../../Source/Node/Connection/NodeConnectionManager.h; sourceTree = SOURCE_ROOT; };
		1A3FCD8F1A1D0EAB67CCB561 /* ../../Source/Common/Serial/lib/cobs/cobs.cpp */ /* cobs.cpp */ = {isa = PBXFileReference; lastKnownFileType = sourcecode.cpp.cpp; name = cobs.cpp; path = ../../Source/Common/Serial/lib/cobs/cobs.cpp; sourceTree = SOURCE_ROOT; };
		1C7BD5C82793FFA795954C26 /* ../../Source/Node/nodes/router/AudioRouterNode.cpp */ /* AudioRouterNode.cpp */ = {isa = PBXFileReference; lastKnownFileType = sourcecode.cpp.cpp; name = AudioRouterNode.cpp; path = ../../Source/Node/nodes/router/AudioRouterNode.cpp; sourceTree = SOURCE_ROOT; };
		1D3C8F499EB1E5E8AF9B16E9 /* ../../Source/Node/nodes/spat/ui/SpatView.cpp */ /* SpatView.cpp */ = {isa = PBXFileReference; lastKnownFileType = sourcecode.cpp.cpp; name = SpatView.cpp; path = ../../Source/Node/nodes/spat/ui/SpatView.cpp; sourceTree = SOURCE_ROOT; };
		1E7C9B73E1AB82EE70757017 /* ../../Source/Node/nodes/spat/SpatItem.h */ /* SpatItem.h */ = {isa = PBXFileReference; lastKnownFileType = sourcecode.c.h; name = SpatItem.h; path = ../../Source/Node/nodes/spat/SpatItem.h; sourceTree = SOURCE_ROOT; };
		1EBAAFB7B33347A8FACCEFA5 /* ../../JuceLibraryCode/include_juce_osc.cpp */ /* include_juce_osc.cpp */ = {isa = PBXFileReference; lastKnownFileType = sourcecode.cpp.cpp; name = include_juce_osc.cpp; path = ../../JuceLibraryCode/include_juce_osc.cpp; sourceTree = SOURCE_ROOT; };
		2042839E264FD8B0357DD1DF /* ../../Source/Node/Connection/ui/NodeConnectionManagerViewUI.h */ /* NodeConnectionManagerViewUI.h */ = {isa = PBXFileReference; lastKnownFileType = sourcecode.c.h; name = NodeConnectionManagerViewUI.h; path = ../../Source/Node/Connection/ui/NodeConnectionManagerViewUI.h; sourceTree = SOURCE_ROOT; };
		20F63F1A3C198862AF6C4326 /* System/Library/Frameworks/AudioUnit.framework */ /* AudioUnit.framework */ = {isa = PBXFileReference; lastKnownFileType = wrapper.framework; name = AudioUnit.framework; path = System/Library/Frameworks/AudioUnit.framework; sourceTree = SDKROOT; };
		237984418F226657BC6FDEB6 /* System/Library/Frameworks/OpenGL.framework */ /* OpenGL.framework */ = {isa = PBXFileReference; lastKnownFileType = wrapper.framework; name = OpenGL.framework; path = System/Library/Frameworks/OpenGL.framework; sourceTree = SDKROOT; };
		24AE3A7A38EA7A306C670367 /* ../../JuceLibraryCode/include_juce_dsp.mm */ /* include_juce_dsp.mm */ = {isa = PBXFileReference; lastKnownFileType = sourcecode.cpp.objcpp; name = include_juce_dsp.mm; path = ../../JuceLibraryCode/include_juce_dsp.mm; sourceTree = SOURCE_ROOT; };
		25C6CFFA3282EB81DB67A6AF /* System/Library/Frameworks/CoreAudioKit.framework */ /* CoreAudioKit.framework */ = {isa = PBXFileReference; lastKnownFileType = wrapper.framework; name = CoreAudioKit.framework; path = System/Library/Frameworks/CoreAudioKit.framework; sourceTree = SDKROOT; };
		27613EF4E999808F2616E3D5 /* ../../Source/Common/Serial/SerialManager.h */ /* SerialManager.h */ = {isa = PBXFileReference; lastKnownFileType = sourcecode.c.h; name = SerialManager.h; path = ../../Source/Common/Serial/SerialManager.h; sourceTree = SOURCE_ROOT; };
		2A00FB335325AFC037E3C916 /* ../../Source/Common/Serial/lib/serial/impl/list_ports/list_ports_linux.cc */ /* list_ports_linux.cc */ = {isa = PBXFileReference; lastKnownFileType = sourcecode.cpp.cpp; name = list_ports_linux.cc; path = ../../Source/Common/Serial/lib/serial/impl/list_ports/list_ports_linux.cc; sourceTree = SOURCE_ROOT; };
		2C20037FB72504C4BD9A339D /* ../../Source/Node/ui/NodeManagerUI.cpp */ /* NodeManagerUI.cpp */ = {isa = PBXFileReference; lastKnownFileType = sourcecode.cpp.cpp; name = NodeManagerUI.cpp; path = ../../Source/Node/ui/NodeManagerUI.cpp; sourceTree = SOURCE_ROOT; };
		2D135AC85A276C70A2901974 /* ../../Source/Interface/ui/InterfaceManagerUI.cpp */ /* InterfaceManagerUI.cpp */ = {isa = PBXFileReference; lastKnownFileType = sourcecode.cpp.cpp; name = InterfaceManagerUI.cpp; path = ../../Source/Interface/ui/InterfaceManagerUI.cpp; sourceTree = SOURCE_ROOT; };
		2F088687C3123C4B2C3EDDEA /* ../../Source/Common/MIDI/MIDIManager.h */ /* MIDIManager.h */ = {isa = PBXFileReference; lastKnownFileType = sourcecode.c.h; name = MIDIManager.h; path = ../../Source/Common/MIDI/MIDIManager.h; sourceTree = SOURCE_ROOT; };
		327C7D386076B9A825C02210 /* ../../Source/Common/Serial/lib/cobs/cobs.h */ /* cobs.h */ = {isa = PBXFileReference; lastKnownFileType = sourcecode.c.h; name = cobs.h; path = ../../Source/Common/Serial/lib/cobs/cobs.h; sourceTree = SOURCE_ROOT; };
		332CC0D25665437AA47C86C0 /* ../../Source/Node/nodes/spat/ui/SpatNodeViewUI.h */ /* SpatNodeViewUI.h */ = {isa = PBXFileReference; lastKnownFileType = sourcecode.c.h; name = SpatNodeViewUI.h; path = ../../Source/Node/nodes/spat/ui/SpatNodeViewUI.h; sourceTree = SOURCE_ROOT; };
		33C19109F622D4DCB2C7A883 /* ../../Source/Node/NodeManager.h */ /* NodeManager.h */ = {isa = PBXFileReference; lastKnownFileType = sourcecode.c.h; name = NodeManager.h; path = ../../Source/Node/NodeManager.h; sourceTree = SOURCE_ROOT; };
		33D4BB6BBEC6AA9F3FA95365 /* ../../Source/Engine/ui/VSTManagerUI.cpp */ /* VSTManagerUI.cpp */ = {isa = PBXFileReference; lastKnownFileType = sourcecode.cpp.cpp; name = VSTManagerUI.cpp; path = ../../Source/Engine/ui/VSTManagerUI.cpp; sourceTree = SOURCE_ROOT; };
		3507D76DD6E7B7A6CEA14CD2 /* ../../Source/Interface/InterfaceManager.h */ /* InterfaceManager.h */ = {isa = PBXFileReference; lastKnownFileType = sourcecode.c.h; name = InterfaceManager.h; path = ../../Source/Interface/InterfaceManager.h; sourceTree = SOURCE_ROOT; };
		359E621A6871EF9BDCD30FF6 /* ../../Source/Common/MIDI/ui/MIDIDeviceParameterUI.cpp */ /* MIDIDeviceParameterUI.cpp */ = {isa = PBXFileReference; lastKnownFileType = sourcecode.cpp.cpp; name = MIDIDeviceParameterUI.cpp; path = ../../Source/Common/MIDI/ui/MIDIDeviceParameterUI.cpp; sourceTree = SOURCE_ROOT; };
		35F2E512694843E8F47287AE /* ../../Source/Node/nodes/sampler/SamplerNode.cpp */ /* SamplerNode.cpp */ = {isa = PBXFileReference; lastKnownFileType = sourcecode.cpp.cpp; name = SamplerNode.cpp; path = ../../Source/Node/nodes/sampler/SamplerNode.cpp; sourceTree = SOURCE_ROOT; };
		36A9825F0D2DD9FF84EA17E1 /* ../../Source/Node/nodes/vst/VSTNode.cpp */ /* VSTNode.cpp */ = {isa = PBXFileReference; lastKnownFileType = sourcecode.cpp.cpp; name = VSTNode.cpp; path = ../../Source/Node/nodes/vst/VSTNode.cpp; sourceTree = SOURCE_ROOT; };
		373F435ABA8CA74095B493EF /* ../../Source/Node/nodes/router/ui/AudioRouterNodeUI.cpp */ /* AudioRouterNodeUI.cpp */ = {isa = PBXFileReference; lastKnownFileType = sourcecode.cpp.cpp; name = AudioRouterNodeUI.cpp; path = ../../Source/Node/nodes/router/ui/AudioRouterNodeUI.cpp; sourceTree = SOURCE_ROOT; };
		37F5F99EC3552832F1043CDD /* ../../Source/Node/nodes/looper/ui/LooperTrackUI.h */ /* LooperTrackUI.h */ = {isa = PBXFileReference; lastKnownFileType = sourcecode.c.h; name = LooperTrackUI.h; path = ../../Source/Node/nodes/looper/ui/LooperTrackUI.h; sourceTree = SOURCE_ROOT; };
		3A41A9EB3C9D087C84D4CFA3 /* ../../JUCE/modules/juce_opengl */ /* juce_opengl */ = {isa = PBXFileReference; lastKnownFileType = folder; name = juce_opengl; path = ../../JUCE/modules/juce_opengl; sourceTree = SOURCE_ROOT; };
		3A7117A8F37403142F89CA73 /* ../../Source/Node/Connection/ui/NodeConnectionViewUI.h */ /* NodeConnectionViewUI.h */ = {isa = PBXFileReference; lastKnownFileType = sourcecode.c.h; name = NodeConnectionViewUI.h; path = ../../Source/Node/Connection/ui/NodeConnectionViewUI.h; sourceTree = SOURCE_ROOT; };
		3A77AA3938C799E55987D429 /* ../../Source/Node/nodes/router/ui/AudioRouterNodeUI.h */ /* AudioRouterNodeUI.h */ = {isa = PBXFileReference; lastKnownFileType = sourcecode.c.h; name = AudioRouterNodeUI.h; path = ../../Source/Node/nodes/router/ui/AudioRouterNodeUI.h; sourceTree = SOURCE_ROOT; };
		3B648BA173A7A80D94ACF15A /* ../../JUCE/modules/juce_audio_processors */ /* juce_audio_processors */ = {isa = PBXFileReference; lastKnownFileType = folder; name = juce_audio_processors; path = ../../JUCE/modules/juce_audio_processors; sourceTree = SOURCE_ROOT; };
		3BD5980A303DD58EB04D9E88 /* ../../JUCE/modules/juce_events */ /* juce_events */ = {isa = PBXFileReference; lastKnownFileType = folder; name = juce_events; path = ../../JUCE/modules/juce_events; sourceTree = SOURCE_ROOT; };
		3C367EB6C479169090DCDEFA /* ../../JUCE/modules/juce_audio_basics */ /* juce_audio_basics */ = {isa = PBXFileReference; lastKnownFileType = folder; name = juce_audio_basics; path = ../../JUCE/modules/juce_audio_basics; sourceTree = SOURCE_ROOT; };
		3CDD5D2E812DBD7836CF59C1 /* ../../Source/Node/nodes/vst/VSTNode.h */ /* VSTNode.h */ = {isa = PBXFileReference; lastKnownFileType = sourcecode.c.h; name = VSTNode.h; path = ../../Source/Node/nodes/vst/VSTNode.h; sourceTree = SOURCE_ROOT; };
		3D00A98E8D33E781EE04DA18 /* ../../Source/Node/nodes/spat/SpatNode.cpp */ /* SpatNode.cpp */ = {isa = PBXFileReference; lastKnownFileType = sourcecode.cpp.cpp; name = SpatNode.cpp; path = ../../Source/Node/nodes/spat/SpatNode.cpp; sourceTree = SOURCE_ROOT; };
		3D2CBC346A0DEA15D4CC6D78 /* System/Library/Frameworks/AudioToolbox.framework */ /* AudioToolbox.framework */ = {isa = PBXFileReference; lastKnownFileType = wrapper.framework; name = AudioToolbox.framework; path = System/Library/Frameworks/AudioToolbox.framework; sourceTree = SDKROOT; };
		3D3E664144ABBC910726B7F5 /* ../../Source/Node/nodes/looper/MIDILooperNode.h */ /* MIDILooperNode.h */ = {isa = PBXFileReference; lastKnownFileType = sourcecode.c.h; name = MIDILooperNode.h; path = ../../Source/Node/nodes/looper/MIDILooperNode.h; sourceTree = SOURCE_ROOT; };
		3DCAA901175936711B7515FF /* System/Library/Frameworks/IOKit.framework */ /* IOKit.framework */ = {isa = PBXFileReference; lastKnownFileType = wrapper.framework; name = IOKit.framework; path = System/Library/Frameworks/IOKit.framework; sourceTree = SDKROOT; };
		3FF7005A99CCC5AC2F5A4EFD /* ../../Source/Node/nodes/io/IONode.h */ /* IONode.h */ = {isa = PBXFileReference; lastKnownFileType = sourcecode.c.h; name = IONode.h; path = ../../Source/Node/nodes/io/IONode.h; sourceTree = SOURCE_ROOT; };
		40B6E0978832E28C7C37F16E /* ../../Source/Engine/ui/AudioManagerEditor.cpp */ /* AudioManagerEditor.cpp */ = {isa = PBXFileReference; lastKnownFileType = sourcecode.cpp.cpp; name = AudioManagerEditor.cpp; path = ../../Source/Engine/ui/AudioManagerEditor.cpp; sourceTree = SOURCE_ROOT; };
		4512B8F41500EB4419C62669 /* ../../Source/Common/ConnectionUIHelper.cpp */ /* ConnectionUIHelper.cpp */ = {isa = PBXFileReference; lastKnownFileType = sourcecode.cpp.cpp; name = ConnectionUIHelper.cpp; path = ../../Source/Common/ConnectionUIHelper.cpp; sourceTree = SOURCE_ROOT; };
		45B3D99932058745889AAAD7 /* ../../Source/Common/MIDI/MTCSender.h */ /* MTCSender.h */ = {isa = PBXFileReference; lastKnownFileType = sourcecode.c.h; name = MTCSender.h; path = ../../Source/Common/MIDI/MTCSender.h; sourceTree = SOURCE_ROOT; };
		45EBA046163FD48C438E6762 /* ../../JUCE/modules/juce_audio_utils */ /* juce_audio_utils */ = {isa = PBXFileReference; lastKnownFileType = folder; name = juce_audio_utils; path = ../../JUCE/modules/juce_audio_utils; sourceTree = SOURCE_ROOT; };
		4647F2C3AE98B4565DA5939F /* ../../Source/Node/Node.cpp */ /* Node.cpp */ = {isa = PBXFileReference; lastKnownFileType = sourcecode.cpp.cpp; name = Node.cpp; path = ../../Source/Node/Node.cpp; sourceTree = SOURCE_ROOT; };
		481F8169D03A59F4A07EF0A3 /* ../../Source/Node/nodes/spat/ui/SpatItemUI.h */ /* SpatItemUI.h */ = {isa = PBXFileReference; lastKnownFileType = sourcecode.c.h; name = SpatItemUI.h; path = ../../Source/Node/nodes/spat/ui/SpatItemUI.h; sourceTree = SOURCE_ROOT; };
		488A1FB6D629F4C2D3640F0E /* ../../Source/Node/nodes/io/MIDIIONode.cpp */ /* MIDIIONode.cpp */ = {isa = PBXFileReference; lastKnownFileType = sourcecode.cpp.cpp; name = MIDIIONode.cpp; path = ../../Source/Node/nodes/io/MIDIIONode.cpp; sourceTree = SOURCE_ROOT; };
		498A61F43013F8E31F2027EC /* ../../Source/Node/nodes/container/ui/ContainerNodeUI.cpp */ /* ContainerNodeUI.cpp */ = {isa = PBXFileReference; lastKnownFileType = sourcecode.cpp.cpp; name = ContainerNodeUI.cpp; path = ../../Source/Node/nodes/container/ui/ContainerNodeUI.cpp; sourceTree = SOURCE_ROOT; };
		4B982CEDC55A9BE7B87BCC59 /* ../../Source/MainComponent.cpp */ /* MainComponent.cpp */ = {isa = PBXFileReference; lastKnownFileType = sourcecode.cpp.cpp; name = MainComponent.cpp; path = ../../Source/MainComponent.cpp; sourceTree = SOURCE_ROOT; };
		4DBCD849176092A5C7EA5C1C /* ../../Source/Common/AudioHelpers.h */ /* AudioHelpers.h */ = {isa = PBXFileReference; lastKnownFileType = sourcecode.c.h; name = AudioHelpers.h; path = ../../Source/Common/AudioHelpers.h; sourceTree = SOURCE_ROOT; };
		4E67D17383B701E0FFD53754 /* System/Library/Frameworks/Accelerate.framework */ /* Accelerate.framework */ = {isa = PBXFileReference; lastKnownFileType = wrapper.framework; name = Accelerate.framework; path = System/Library/Frameworks/Accelerate.framework; sourceTree = SDKROOT; };
		4E745442DDAFDF4E04490267 /* ../../JuceLibraryCode/include_juce_core.mm */ /* include_juce_core.mm */ = {isa = PBXFileReference; lastKnownFileType = sourcecode.cpp.objcpp; name = include_juce_core.mm; path = ../../JuceLibraryCode/include_juce_core.mm; sourceTree = SOURCE_ROOT; };
		4F1A28AA9EE3359DCD52B0BC /* ../../Source/Node/Connection/NodeConnectionManager.cpp */ /* NodeConnectionManager.cpp */ = {isa = PBXFileReference; lastKnownFileType = sourcecode.cpp.cpp; name = NodeConnectionManager.cpp; path = ../../Source/Node/Connection/NodeConnectionManager.cpp; sourceTree = SOURCE_ROOT; };
		4FDE5F96C33546CB2F65C53F /* ../../Source/Node/nodes/looper/AudioLooperTrack.h */ /* AudioLooperTrack.h */ = {isa = PBXFileReference; lastKnownFileType = sourcecode.c.h; name = AudioLooperTrack.h; path = ../../Source/Node/nodes/looper/AudioLooperTrack.h; sourceTree = SOURCE_ROOT; };
		55EEAD8AFDD8024BA2524572 /* ../../Source/Node/nodes/spat/ui/SpatNodeViewUI.cpp */ /* SpatNodeViewUI.cpp */ = {isa = PBXFileReference; lastKnownFileType = sourcecode.cpp.cpp; name = SpatNodeViewUI.cpp; path = ../../Source/Node/nodes/spat/ui/SpatNodeViewUI.cpp; sourceTree = SOURCE_ROOT; };
		5610546358E3D49357019B8F /* ../../Source/Common/MIDI/MIDIManager.cpp */ /* MIDIManager.cpp */ = {isa = PBXFileReference; lastKnownFileType = sourcecode.cpp.cpp; name = MIDIManager.cpp; path = ../../Source/Common/MIDI/MIDIManager.cpp; sourceTree = SOURCE_ROOT; };
		5757572F2471A7439BA771F5 /* ../../JuceLibraryCode/include_juce_organicui2b.cpp */ /* include_juce_organicui2b.cpp */ = {isa = PBXFileReference; lastKnownFileType = sourcecode.cpp.cpp; name = include_juce_organicui2b.cpp; path = ../../JuceLibraryCode/include_juce_organicui2b.cpp; sourceTree = SOURCE_ROOT; };
		5AD384D4D6F8086C677B641A /* ../../JuceLibraryCode/include_juce_data_structures.mm */ /* include_juce_data_structures.mm */ = {isa = PBXFileReference; lastKnownFileType = sourcecode.cpp.objcpp; name = include_juce_data_structures.mm; path = ../../JuceLibraryCode/include_juce_data_structures.mm; sourceTree = SOURCE_ROOT; };
		5B2C68E32F934D4FB1D0AF6E /* ../../Source/Common/MIDI/MIDIDevice.cpp */ /* MIDIDevice.cpp */ = {isa = PBXFileReference; lastKnownFileType = sourcecode.cpp.cpp; name = MIDIDevice.cpp; path = ../../Source/Common/MIDI/MIDIDevice.cpp; sourceTree = SOURCE_ROOT; };
		5C49FE9037AA761C5744B18D /* ../../Source/Node/nodes/io/ui/IONodeViewUI.h */ /* IONodeViewUI.h */ = {isa = PBXFileReference; lastKnownFileType = sourcecode.c.h; name = IONodeViewUI.h; path = ../../Source/Node/nodes/io/ui/IONodeViewUI.h; sourceTree = SOURCE_ROOT; };
		5CD89BBDF3160B85DEE0469B /* ../../Source/MainComponentCommands.cpp */ /* MainComponentCommands.cpp */ = {isa = PBXFileReference; lastKnownFileType = sourcecode.cpp.cpp; name = MainComponentCommands.cpp; path = ../../Source/MainComponentCommands.cpp; sourceTree = SOURCE_ROOT; };
		5E1F18975A1E63FEFC5FE61C /* ../../Source/Node/Connection/NodeConnection.h */ /* NodeConnection.h */ = {isa = PBXFileReference; lastKnownFileType = sourcecode.c.h; name = NodeConnection.h; path = ../../Source/Node/Connection/NodeConnection.h; sourceTree = SOURCE_ROOT; };
		5E55B89A27AC99BF159D09D9 /* ../../Source/Node/NodeManager.cpp */ /* NodeManager.cpp */ = {isa = PBXFileReference; lastKnownFileType = sourcecode.cpp.cpp; name = NodeManager.cpp; path = ../../Source/Node/NodeManager.cpp; sourceTree = SOURCE_ROOT; };
		60888D1F97030755C7BE8724 /* ../../Source/Engine/LGMLEngine.h */ /* LGMLEngine.h */ = {isa = PBXFileReference; lastKnownFileType = sourcecode.c.h; name = LGMLEngine.h; path = ../../Source/Engine/LGMLEngine.h; sourceTree = SOURCE_ROOT; };
		612167DB194E292CB8B633EB /* ../../Source/Node/nodes/looper/MIDILooperTrack.h */ /* MIDILooperTrack.h */ = {isa = PBXFileReference; lastKnownFileType = sourcecode.c.h; name = MIDILooperTrack.h; path = ../../Source/Node/nodes/looper/MIDILooperTrack.h; sourceTree = SOURCE_ROOT; };
		6352599CD8E6D8DB64962308 /* ../../Source/Engine/LGMLSettings.cpp */ /* LGMLSettings.cpp */ = {isa = PBXFileReference; lastKnownFileType = sourcecode.cpp.cpp; name = LGMLSettings.cpp; path = ../../Source/Engine/LGMLSettings.cpp; sourceTree = SOURCE_ROOT; };
		6451E52FC5624125BFEA57EF /* ../../Source/Node/nodes/sampler/ui/SamplerNodeUI.cpp */ /* SamplerNodeUI.cpp */ = {isa = PBXFileReference; lastKnownFileType = sourcecode.cpp.cpp; name = SamplerNodeUI.cpp; path = ../../Source/Node/nodes/sampler/ui/SamplerNodeUI.cpp; sourceTree = SOURCE_ROOT; };
		659337DA8FE1FC15294DE07C /* ../../Source/Common/MIDI/MIDIDeviceParameter.h */ /* MIDIDeviceParameter.h */ = {isa = PBXFileReference; lastKnownFileType = sourcecode.c.h; name = MIDIDeviceParameter.h; path = ../../Source/Common/MIDI/MIDIDeviceParameter.h; sourceTree = SOURCE_ROOT; };
		66B4B782515353C1F61ED957 /* ../../JUCE/modules/juce_core */ /* juce_core */ = {isa = PBXFileReference; lastKnownFileType = folder; name = juce_core; path = ../../JUCE/modules/juce_core; sourceTree = SOURCE_ROOT; };
		67038B9140608DAD8B6E6934 /* ../../JuceLibraryCode/include_juce_simpleweb.cpp */ /* include_juce_simpleweb.cpp */ = {isa = PBXFileReference; lastKnownFileType = sourcecode.cpp.cpp; name = include_juce_simpleweb.cpp; path = ../../JuceLibraryCode/include_juce_simpleweb.cpp; sourceTree = SOURCE_ROOT; };
		694AF08C7A6CAB9EC37B3BE3 /* Info-App.plist */ /* Info-App.plist */ = {isa = PBXFileReference; lastKnownFileType = text.plist.xml; name = "Info-App.plist"; path = "Info-App.plist"; sourceTree = SOURCE_ROOT; };
		6D2B35E71D499D9E4E01E9FA /* ../../Source/Node/nodes/looper/ui/LooperTrackUI.cpp */ /* LooperTrackUI.cpp */ = {isa = PBXFileReference; lastKnownFileType = sourcecode.cpp.cpp; name = LooperTrackUI.cpp; path = ../../Source/Node/nodes/looper/ui/LooperTrackUI.cpp; sourceTree = SOURCE_ROOT; };
		6F1D4F401F68DDCD1214D472 /* ../../Source/Node/nodes/mixer/ui/MixerNodeViewUI.cpp */ /* MixerNodeViewUI.cpp */ = {isa = PBXFileReference; lastKnownFileType = sourcecode.cpp.cpp; name = MixerNodeViewUI.cpp; path = ../../Source/Node/nodes/mixer/ui/MixerNodeViewUI.cpp; sourceTree = SOURCE_ROOT; };
		70980459B2FCF9B564E37411 /* ../../Source/Node/nodes/looper/AudioLooperTrack.cpp */ /* AudioLooperTrack.cpp */ = {isa = PBXFileReference; lastKnownFileType = sourcecode.cpp.cpp; name = AudioLooperTrack.cpp; path = ../../Source/Node/nodes/looper/AudioLooperTrack.cpp; sourceTree = SOURCE_ROOT; };
		72BA93CDF92AD6A1BB316341 /* ../../JUCE/modules/juce_audio_formats */ /* juce_audio_formats */ = {isa = PBXFileReference; lastKnownFileType = folder; name = juce_audio_formats; path = ../../JUCE/modules/juce_audio_formats; sourceTree = SOURCE_ROOT; };
		741145CF557D3323427536E9 /* ../../JuceLibraryCode/include_juce_organicui2.cpp */ /* include_juce_organicui2.cpp */ = {isa = PBXFileReference; lastKnownFileType = sourcecode.cpp.cpp; name = include_juce_organicui2.cpp; path = ../../JuceLibraryCode/include_juce_organicui2.cpp; sourceTree = SOURCE_ROOT; };
		75F216D420AA2A5C657DA8E7 /* ../../Source/Common/Serial/SerialManager.cpp */ /* SerialManager.cpp */ = {isa = PBXFileReference; lastKnownFileType = sourcecode.cpp.cpp; name = SerialManager.cpp; path = ../../Source/Common/Serial/SerialManager.cpp; sourceTree = SOURCE_ROOT; };
		7670D58AA0FFEFAA0412609F /* ../../Source/Engine/AudioManager.cpp */ /* AudioManager.cpp */ = {isa = PBXFileReference; lastKnownFileType = sourcecode.cpp.cpp; name = AudioManager.cpp; path = ../../Source/Engine/AudioManager.cpp; sourceTree = SOURCE_ROOT; };
		77EAF3995CFF0123B871E786 /* ../../Source/Common/MIDI/MIDIDevice.h */ /* MIDIDevice.h */ = {isa = PBXFileReference; lastKnownFileType = sourcecode.c.h; name = MIDIDevice.h; path = ../../Source/Common/MIDI/MIDIDevice.h; sourceTree = SOURCE_ROOT; };
		7826B6FB3EABEC03F4E90C48 /* ../../Source/Common/Serial/lib/serial/impl/unix.cc */ /* unix.cc */ = {isa = PBXFileReference; lastKnownFileType = sourcecode.cpp.cpp; name = unix.cc; path = ../../Source/Common/Serial/lib/serial/impl/unix.cc; sourceTree = SOURCE_ROOT; };
		78D14554A5AB9F38E531B5BB /* ../../Source/Node/Connection/ui/NodeConnector.cpp */ /* NodeConnector.cpp */ = {isa = PBXFileReference; lastKnownFileType = sourcecode.cpp.cpp; name = NodeConnector.cpp; path = ../../Source/Node/Connection/ui/NodeConnector.cpp; sourceTree = SOURCE_ROOT; };
		7B0FD2332F68D984B42CB497 /* ../../Source/Common/AudioHelpers.cpp */ /* AudioHelpers.cpp */ = {isa = PBXFileReference; lastKnownFileType = sourcecode.cpp.cpp; name = AudioHelpers.cpp; path = ../../Source/Common/AudioHelpers.cpp; sourceTree = SOURCE_ROOT; };
		7DB2AC6358846EAA873A9436 /* ../../Source/Interface/InterfaceManager.cpp */ /* InterfaceManager.cpp */ = {isa = PBXFileReference; lastKnownFileType = sourcecode.cpp.cpp; name = InterfaceManager.cpp; path = ../../Source/Interface/InterfaceManager.cpp; sourceTree = SOURCE_ROOT; };
		7E6641CABABC875FA8969C40 /* ../../Source/Node/NodeFactory.h */ /* NodeFactory.h */ = {isa = PBXFileReference; lastKnownFileType = sourcecode.c.h; name = NodeFactory.h; path = ../../Source/Node/NodeFactory.h; sourceTree = SOURCE_ROOT; };
		7E797A2782749B5536F25F2E /* ../../Source/Node/nodes/looper/LooperTrack.h */ /* LooperTrack.h */ = {isa = PBXFileReference; lastKnownFileType = sourcecode.c.h; name = LooperTrack.h; path = ../../Source/Node/nodes/looper/LooperTrack.h; sourceTree = SOURCE_ROOT; };
		8096301EEC61AAC32909A2B1 /* App */ = {isa = PBXFileReference; explicitFileType = wrapper.application; includeInIndex = 0; path = LGML.app; sourceTree = BUILT_PRODUCTS_DIR; };
		81B8D749DB349439DB9F55CA /* ../../Source/Transport/Transport.h */ /* Transport.h */ = {isa = PBXFileReference; lastKnownFileType = sourcecode.c.h; name = Transport.h; path = ../../Source/Transport/Transport.h; sourceTree = SOURCE_ROOT; };
		82617B1F023E813F6B61DB55 /* ../../Source/Node/Connection/NodeConnection.cpp */ /* NodeConnection.cpp */ = {isa = PBXFileReference; lastKnownFileType = sourcecode.cpp.cpp; name = NodeConnection.cpp; path = ../../Source/Node/Connection/NodeConnection.cpp; sourceTree = SOURCE_ROOT; };
		826A5F200C72ABEF2B7B250D /* ../../Resources/play.png */ /* play.png */ = {isa = PBXFileReference; lastKnownFileType = image.png; name = play.png; path = ../../Resources/play.png; sourceTree = SOURCE_ROOT; };
		84D2879FC27A3B0FB0227AAE /* ../../Source/Node/nodes/vst/ui/VSTLinkedParameterUI.cpp */ /* VSTLinkedParameterUI.cpp */ = {isa = PBXFileReference; lastKnownFileType = sourcecode.cpp.cpp; name = VSTLinkedParameterUI.cpp; path = ../../Source/Node/nodes/vst/ui/VSTLinkedParameterUI.cpp; sourceTree = SOURCE_ROOT; };
		8530BA68A7A0DE66DF8BC751 /* ../../Source/Node/nodes/spat/ui/SpatItemUI.cpp */ /* SpatItemUI.cpp */ = {isa = PBXFileReference; lastKnownFileType = sourcecode.cpp.cpp; name = SpatItemUI.cpp; path = ../../Source/Node/nodes/spat/ui/SpatItemUI.cpp; sourceTree = SOURCE_ROOT; };
		859F4958802D47DEEC06564B /* ../../Source/Transport/Transport.cpp */ /* Transport.cpp */ = {isa = PBXFileReference; lastKnownFileType = sourcecode.cpp.cpp; name = Transport.cpp; path = ../../Source/Transport/Transport.cpp; sourceTree = SOURCE_ROOT; };
		873A7EC76C6DB60E6CD566A4 /* ../../Source/Common/AudioUIHelpers.cpp */ /* AudioUIHelpers.cpp */ = {isa = PBXFileReference; lastKnownFileType = sourcecode.cpp.cpp; name = AudioUIHelpers.cpp; path = ../../Source/Common/AudioUIHelpers.cpp; sourceTree = SOURCE_ROOT; };
		88B80FF1A1B7C9BA9C8A51A1 /* ../../Source/Node/nodes/spat/SpatItem.cpp */ /* SpatItem.cpp */ = {isa = PBXFileReference; lastKnownFileType = sourcecode.cpp.cpp; name = SpatItem.cpp; path = ../../Source/Node/nodes/spat/SpatItem.cpp; sourceTree = SOURCE_ROOT; };
		8979D1146726E3DAAC1E29D6 /* ../../Source/Node/nodes/container/ContainerNode.h */ /* ContainerNode.h */ = {isa = PBXFileReference; lastKnownFileType = sourcecode.c.h; name = ContainerNode.h; path = ../../Source/Node/nodes/container/ContainerNode.h; sourceTree = SOURCE_ROOT; };
		8B2CB4E39ADD7811904BDFA0 /* ../../Source/Node/ui/NodeUI.cpp */ /* NodeUI.cpp */ = {isa = PBXFileReference; lastKnownFileType = sourcecode.cpp.cpp; name = NodeUI.cpp; path = ../../Source/Node/ui/NodeUI.cpp; sourceTree = SOURCE_ROOT; };
		8B4563EC8682DDD1AB5A2F1B /* ../../Source/Common/MIDI/MTCReceiver.h */ /* MTCReceiver.h */ = {isa = PBXFileReference; lastKnownFileType = sourcecode.c.h; name = MTCReceiver.h; path = ../../Source/Common/MIDI/MTCReceiver.h; sourceTree = SOURCE_ROOT; };
		8C29D7354E42E53340668E47 /* ../../Source/Node/nodes/vst/ui/VSTNodeViewUI.cpp */ /* VSTNodeViewUI.cpp */ = {isa = PBXFileReference; lastKnownFileType = sourcecode.cpp.cpp; name = VSTNodeViewUI.cpp; path = ../../Source/Node/nodes/vst/ui/VSTNodeViewUI.cpp; sourceTree = SOURCE_ROOT; };
		8E025BE22DED84DB6430C771 /* ../../Source/Main.cpp */ /* Main.cpp */ = {isa = PBXFileReference; lastKnownFileType = sourcecode.cpp.cpp; name = Main.cpp; path = ../../Source/Main.cpp; sourceTree = SOURCE_ROOT; };
		916E75D0D07D60EB2A455F8B /* ../../Source/Interface/ui/InterfaceUI.cpp */ /* InterfaceUI.cpp */ = {isa = PBXFileReference; lastKnownFileType = sourcecode.cpp.cpp; name = InterfaceUI.cpp; path = ../../Source/Interface/ui/InterfaceUI.cpp; sourceTree = SOURCE_ROOT; };
		94C52653366FCA618C27220C /* ../../Source/Node/nodes/looper/ui/LooperNodeViewUI.h */ /* LooperNodeViewUI.h */ = {isa = PBXFileReference; lastKnownFileType = sourcecode.c.h; name = LooperNodeViewUI.h; path = ../../Source/Node/nodes/looper/ui/LooperNodeViewUI.h; sourceTree = SOURCE_ROOT; };
		94EBFC9E01BF1A5003DCBFF5 /* ../../JUCE/modules/juce_graphics */ /* juce_graphics */ = {isa = PBXFileReference; lastKnownFileType = folder; name = juce_graphics; path = ../../JUCE/modules/juce_graphics; sourceTree = SOURCE_ROOT; };
		97BE76C173A3573CFFE385EE /* ../../Source/Common/MIDI/MIDIDeviceParameter.cpp */ /* MIDIDeviceParameter.cpp */ = {isa = PBXFileReference; lastKnownFileType = sourcecode.cpp.cpp; name = MIDIDeviceParameter.cpp; path = ../../Source/Common/MIDI/MIDIDeviceParameter.cpp; sourceTree = SOURCE_ROOT; };
		9A553D8657F4CF212E167AB8 /* ../../Resources/link.png */ /* link.png */ = {isa = PBXFileReference; lastKnownFileType = image.png; name = link.png; path = ../../Resources/link.png; sourceTree = SOURCE_ROOT; };
		9A6F4A27603A8B870B1F0886 /* ../../Source/Engine/LGMLSettings.h */ /* LGMLSettings.h */ = {isa = PBXFileReference; lastKnownFileType = sourcecode.c.h; name = LGMLSettings.h; path = ../../Source/Engine/LGMLSettings.h; sourceTree = SOURCE_ROOT; };
		9ABC4117FE3815F91AE0F383 /* ../../Source/Node/nodes/sampler/SamplerNode.h */ /* SamplerNode.h */ = {isa = PBXFileReference; lastKnownFileType = sourcecode.c.h; name = SamplerNode.h; path = ../../Source/Node/nodes/sampler/SamplerNode.h; sourceTree = SOURCE_ROOT; };
		9AC376B4418CF6BA712F68CE /* ../../JuceLibraryCode/include_juce_simpleweb2.cpp */ /* include_juce_simpleweb2.cpp */ = {isa = PBXFileReference; lastKnownFileType = sourcecode.cpp.cpp; name = include_juce_simpleweb2.cpp; path = ../../JuceLibraryCode/include_juce_simpleweb2.cpp; sourceTree = SOURCE_ROOT; };
		9C2A390D94243CD049AA35EC /* ../../JuceLibraryCode/include_juce_audio_utils.mm */ /* include_juce_audio_utils.mm */ = {isa = PBXFileReference; lastKnownFileType = sourcecode.cpp.objcpp; name = include_juce_audio_utils.mm; path = ../../JuceLibraryCode/include_juce_audio_utils.mm; sourceTree = SOURCE_ROOT; };
		9E775318D3325A8F050B1C20 /* RecentFilesMenuTemplate.nib */ /* RecentFilesMenuTemplate.nib */ = {isa = PBXFileReference; lastKnownFileType = file.nib; name = RecentFilesMenuTemplate.nib; path = RecentFilesMenuTemplate.nib; sourceTree = SOURCE_ROOT; };
		9E7AC99D6D19917D0EDD48A0 /* ../../Source/Transport/ui/TransportUI.h */ /* TransportUI.h */ = {isa = PBXFileReference; lastKnownFileType = sourcecode.c.h; name = TransportUI.h; path = ../../Source/Transport/ui/TransportUI.h; sourceTree = SOURCE_ROOT; };
		A12465D7DF1BFF4A884E0419 /* ../../Resources/default.lgmllayout */ /* default.lgmllayout */ = {isa = PBXFileReference; lastKnownFileType = file.lgmllayout; name = default.lgmllayout; path = ../../Resources/default.lgmllayout; sourceTree = SOURCE_ROOT; };
		A2E8AE8B6150651510F66CC5 /* ../../Source/Engine/VSTManager.h */ /* VSTManager.h */ = {isa = PBXFileReference; lastKnownFileType = sourcecode.c.h; name = VSTManager.h; path = ../../Source/Engine/VSTManager.h; sourceTree = SOURCE_ROOT; };
		A31D9931E553C7DCAB5C0E2D /* ../../Source/Node/nodes/mixer/ui/MixerNodeViewUI.h */ /* MixerNodeViewUI.h */ = {isa = PBXFileReference; lastKnownFileType = sourcecode.c.h; name = MixerNodeViewUI.h; path = ../../Source/Node/nodes/mixer/ui/MixerNodeViewUI.h; sourceTree = SOURCE_ROOT; };
		A36547C48B0DFFAC81AEBEFD /* ../../Source/Common/MIDI/ui/MIDIDeviceChooser.h */ /* MIDIDeviceChooser.h */ = {isa = PBXFileReference; lastKnownFileType = sourcecode.c.h; name = MIDIDeviceChooser.h; path = ../../Source/Common/MIDI/ui/MIDIDeviceChooser.h; sourceTree = SOURCE_ROOT; };
		A4DBBD95E70CB4701AEB5AE9 /* ../../Source/Node/nodes/looper/LooperTrack.cpp */ /* LooperTrack.cpp */ = {isa = PBXFileReference; lastKnownFileType = sourcecode.cpp.cpp; name = LooperTrack.cpp; path = ../../Source/Node/nodes/looper/LooperTrack.cpp; sourceTree = SOURCE_ROOT; };
		A5F8A45FE7AE9E352DBDDB27 /* ../../Source/Common/Serial/lib/serial/impl/list_ports/list_ports_win.cc */ /* list_ports_win.cc */ = {isa = PBXFileReference; lastKnownFileType = sourcecode.cpp.cpp; name = list_ports_win.cc; path = ../../Source/Common/Serial/lib/serial/impl/list_ports/list_ports_win.cc; sourceTree = SOURCE_ROOT; };
		A6D9C1B2426EE8972DB8A81B /* ../../Source/Common/MIDI/ui/MIDIDeviceChooser.cpp */ /* MIDIDeviceChooser.cpp */ = {isa = PBXFileReference; lastKnownFileType = sourcecode.cpp.cpp; name = MIDIDeviceChooser.cpp; path = ../../Source/Common/MIDI/ui/MIDIDeviceChooser.cpp; sourceTree = SOURCE_ROOT; };
		A74F9AEDDDB240B88F9ED92D /* System/Library/Frameworks/Carbon.framework */ /* Carbon.framework */ = {isa = PBXFileReference; lastKnownFileType = wrapper.framework; name = Carbon.framework; path = System/Library/Frameworks/Carbon.framework; sourceTree = SDKROOT; };
		A7A9F61A5231C14E9C3727BA /* ../../Source/Node/nodes/looper/AudioLooperNode.cpp */ /* AudioLooperNode.cpp */ = {isa = PBXFileReference; lastKnownFileType = sourcecode.cpp.cpp; name = AudioLooperNode.cpp; path = ../../Source/Node/nodes/looper/AudioLooperNode.cpp; sourceTree = SOURCE_ROOT; };
		A8A5D0D5235E7FFD595D5932 /* ../../Source/Node/nodes/io/MIDIIONode.h */ /* MIDIIONode.h */ = {isa = PBXFileReference; lastKnownFileType = sourcecode.c.h; name = MIDIIONode.h; path = ../../Source/Node/nodes/io/MIDIIONode.h; sourceTree = SOURCE_ROOT; };
		A8FF7EA1FDC144D4C0EE2DFF /* ../../Source/Node/Node.h */ /* Node.h */ = {isa = PBXFileReference; lastKnownFileType = sourcecode.c.h; name = Node.h; path = ../../Source/Node/Node.h; sourceTree = SOURCE_ROOT; };
		AA945CC20764842E354B19A9 /* ../../Resources/icon.png */ /* icon.png */ = {isa = PBXFileReference; lastKnownFileType = image.png; name = icon.png; path = ../../Resources/icon.png; sourceTree = SOURCE_ROOT; };
		AAC144AD2644909839DE1622 /* ../../Source/Node/nodes/looper/MIDILooperNode.cpp */ /* MIDILooperNode.cpp */ = {isa = PBXFileReference; lastKnownFileType = sourcecode.cpp.cpp; name = MIDILooperNode.cpp; path = ../../Source/Node/nodes/looper/MIDILooperNode.cpp; sourceTree = SOURCE_ROOT; };
		AE29D315CADC57663A013656 /* ../../Source/Common/Serial/lib/serial/serial.cc */ /* serial.cc */ = {isa = PBXFileReference; lastKnownFileType = sourcecode.cpp.cpp; name = serial.cc; path = ../../Source/Common/Serial/lib/serial/serial.cc; sourceTree = SOURCE_ROOT; };
		AEA237F4801479C612F6B8A1 /* ../../Source/Common/Serial/lib/serial/impl/win.cc */ /* win.cc */ = {isa = PBXFileReference; lastKnownFileType = sourcecode.cpp.cpp; name = win.cc; path = ../../Source/Common/Serial/lib/serial/impl/win.cc; sourceTree = SOURCE_ROOT; };
		AEE60D19F3BAD77A377EEEF5 /* ../../Resources/stop.png */ /* stop.png */ = {isa = PBXFileReference; lastKnownFileType = image.png; name = stop.png; path = ../../Resources/stop.png; sourceTree = SOURCE_ROOT; };
		AEE8FFF9F5B9AC834A3B5EBE /* ../../JUCE/modules/juce_gui_basics */ /* juce_gui_basics */ = {isa = PBXFileReference; lastKnownFileType = folder; name = juce_gui_basics; path = ../../JUCE/modules/juce_gui_basics; sourceTree = SOURCE_ROOT; };
		B023B4BC9ADDF0EA07CFF028 /* ../../Source/Node/nodes/vst/VSTLinkedParameter.cpp */ /* VSTLinkedParameter.cpp */ = {isa = PBXFileReference; lastKnownFileType = sourcecode.cpp.cpp; name = VSTLinkedParameter.cpp; path = ../../Source/Node/nodes/vst/VSTLinkedParameter.cpp; sourceTree = SOURCE_ROOT; };
		B3AA1093E61438C4D5B58128 /* ../../Source/Node/ui/NodeManagerUI.h */ /* NodeManagerUI.h */ = {isa = PBXFileReference; lastKnownFileType = sourcecode.c.h; name = NodeManagerUI.h; path = ../../Source/Node/ui/NodeManagerUI.h; sourceTree = SOURCE_ROOT; };
		B50559696E5176264924A111 /* ../../JuceLibraryCode/include_juce_opengl.mm */ /* include_juce_opengl.mm */ = {isa = PBXFileReference; lastKnownFileType = sourcecode.cpp.objcpp; name = include_juce_opengl.mm; path = ../../JuceLibraryCode/include_juce_opengl.mm; sourceTree = SOURCE_ROOT; };
		B8D7F037E1CA17E413E823DA /* ../../Source/Node/nodes/mixer/MixerNode.cpp */ /* MixerNode.cpp */ = {isa = PBXFileReference; lastKnownFileType = sourcecode.cpp.cpp; name = MixerNode.cpp; path = ../../Source/Node/nodes/mixer/MixerNode.cpp; sourceTree = SOURCE_ROOT; };
		B9A3D953F44F285AC5202522 /* ../../Source/Common/Serial/lib/serial/impl/list_ports/list_ports_osx.cc */ /* list_ports_osx.cc */ = {isa = PBXFileReference; lastKnownFileType = sourcecode.cpp.cpp; name = list_ports_osx.cc; path = ../../Source/Common/Serial/lib/serial/impl/list_ports/list_ports_osx.cc; sourceTree = SOURCE_ROOT; };
		BB3CEC2114AE9ED824C6BF41 /* ../../Source/Engine/AudioManager.h */ /* AudioManager.h */ = {isa = PBXFileReference; lastKnownFileType = sourcecode.c.h; name = AudioManager.h; path = ../../Source/Engine/AudioManager.h; sourceTree = SOURCE_ROOT; };
		BE1556843A6B69311B79A4D0 /* ../../Source/Node/nodes/vst/ui/VSTNodeViewUI.h */ /* VSTNodeViewUI.h */ = {isa = PBXFileReference; lastKnownFileType = sourcecode.c.h; name = VSTNodeViewUI.h; path = ../../Source/Node/nodes/vst/ui/VSTNodeViewUI.h; sourceTree = SOURCE_ROOT; };
		BE191D2B96E7D24AF95BD784 /* ../../Source/Common/RingBuffer.h */ /* RingBuffer.h */ = {isa = PBXFileReference; lastKnownFileType = sourcecode.c.h; name = RingBuffer.h; path = ../../Source/Common/RingBuffer.h; sourceTree = SOURCE_ROOT; };
		BEC21D9389CC84DE2A6A22C6 /* ../../JuceLibraryCode/include_juce_gui_extra.mm */ /* include_juce_gui_extra.mm */ = {isa = PBXFileReference; lastKnownFileType = sourcecode.cpp.objcpp; name = include_juce_gui_extra.mm; path = ../../JuceLibraryCode/include_juce_gui_extra.mm; sourceTree = SOURCE_ROOT; };
		BF96028056999CEE68077EBD /* ../../Source/Node/nodes/router/AudioRouterNode.h */ /* AudioRouterNode.h */ = {isa = PBXFileReference; lastKnownFileType = sourcecode.c.h; name = AudioRouterNode.h; path = ../../Source/Node/nodes/router/AudioRouterNode.h; sourceTree = SOURCE_ROOT; };
		C0EF384DA8EC9EDB0BF3C0E3 /* ../../Source/Node/nodes/vst/ui/VSTLinkedParameterUI.h */ /* VSTLinkedParameterUI.h */ = {isa = PBXFileReference; lastKnownFileType = sourcecode.c.h; name = VSTLinkedParameterUI.h; path = ../../Source/Node/nodes/vst/ui/VSTLinkedParameterUI.h; sourceTree = SOURCE_ROOT; };
		C1506F409953753093758A71 /* System/Library/Frameworks/DiscRecording.framework */ /* DiscRecording.framework */ = {isa = PBXFileReference; lastKnownFileType = wrapper.framework; name = DiscRecording.framework; path = System/Library/Frameworks/DiscRecording.framework; sourceTree = SDKROOT; };
		C19A9A9A8C73EF6397DB633F /* ../../Source/Node/nodes/spat/SpatNode.h */ /* SpatNode.h */ = {isa = PBXFileReference; lastKnownFileType = sourcecode.c.h; name = SpatNode.h; path = ../../Source/Node/nodes/spat/SpatNode.h; sourceTree = SOURCE_ROOT; };
		C1A78D0E5338B2A24824BF37 /* ../../Source/Engine/VSTManager.cpp */ /* VSTManager.cpp */ = {isa = PBXFileReference; lastKnownFileType = sourcecode.cpp.cpp; name = VSTManager.cpp; path = ../../Source/Engine/VSTManager.cpp; sourceTree = SOURCE_ROOT; };
		C1D0B4037859783CB9E525E5 /* ../../Source/MainComponent.h */ /* MainComponent.h */ = {isa = PBXFileReference; lastKnownFileType = sourcecode.c.h; name = MainComponent.h; path = ../../Source/MainComponent.h; sourceTree = SOURCE_ROOT; };
		C39971C2F79C6B0EE77F1C6C /* ../../Source/Common/Serial/SerialDeviceParameter.cpp */ /* SerialDeviceParameter.cpp */ = {isa = PBXFileReference; lastKnownFileType = sourcecode.cpp.cpp; name = SerialDeviceParameter.cpp; path = ../../Source/Common/Serial/SerialDeviceParameter.cpp; sourceTree = SOURCE_ROOT; };
		C48A57AB25DBA5C512ACDB2C /* ../../JuceLibraryCode/include_juce_gui_basics.mm */ /* include_juce_gui_basics.mm */ = {isa = PBXFileReference; lastKnownFileType = sourcecode.cpp.objcpp; name = include_juce_gui_basics.mm; path = ../../JuceLibraryCode/include_juce_gui_basics.mm; sourceTree = SOURCE_ROOT; };
		C581EDAA4D805AC8BEDD0F90 /* ../../JuceLibraryCode/BinaryData.cpp */ /* BinaryData.cpp */ = {isa = PBXFileReference; lastKnownFileType = sourcecode.cpp.cpp; name = BinaryData.cpp; path = ../../JuceLibraryCode/BinaryData.cpp; sourceTree = SOURCE_ROOT; };
		C6194CC60A33215D7E62429B /* ../../JuceLibraryCode/include_juce_audio_devices.mm */ /* include_juce_audio_devices.mm */ = {isa = PBXFileReference; lastKnownFileType = sourcecode.cpp.objcpp; name = include_juce_audio_devices.mm; path = ../../JuceLibraryCode/include_juce_audio_devices.mm; sourceTree = SOURCE_ROOT; };
		C8B163D1585B4EDB4DCBA97B /* ../../Source/Interface/ui/InterfaceManagerUI.h */ /* InterfaceManagerUI.h */ = {isa = PBXFileReference; lastKnownFileType = sourcecode.c.h; name = InterfaceManagerUI.h; path = ../../Source/Interface/ui/InterfaceManagerUI.h; sourceTree = SOURCE_ROOT; };
		C99B23EE9C37D372FCD5B84D /* ../../Source/Node/nodes/sampler/ui/SamplerNodeUI.h */ /* SamplerNodeUI.h */ = {isa = PBXFileReference; lastKnownFileType = sourcecode.c.h; name = SamplerNodeUI.h; path = ../../Source/Node/nodes/sampler/ui/SamplerNodeUI.h; sourceTree = SOURCE_ROOT; };
		CC6D02F4097155EF3C88BADC /* ../../Source/Node/nodes/looper/MIDILooperTrack.cpp */ /* MIDILooperTrack.cpp */ = {isa = PBXFileReference; lastKnownFileType = sourcecode.cpp.cpp; name = MIDILooperTrack.cpp; path = ../../Source/Node/nodes/looper/MIDILooperTrack.cpp; sourceTree = SOURCE_ROOT; };
		CDC194B8727EC2780FD680C5 /* ../../Source/Interface/Interface.h */ /* Interface.h */ = {isa = PBXFileReference; lastKnownFileType = sourcecode.c.h; name = Interface.h; path = ../../Source/Interface/Interface.h; sourceTree = SOURCE_ROOT; };
		CE0C34ADCDA41B7FC8B56509 /* ../../JUCE/modules/juce_osc */ /* juce_osc */ = {isa = PBXFileReference; lastKnownFileType = folder; name = juce_osc; path = ../../JUCE/modules/juce_osc; sourceTree = SOURCE_ROOT; };
		CE2F73FF261289B9C99F6D48 /* ../../Source/Common/ConnectionUIHelper.h */ /* ConnectionUIHelper.h */ = {isa = PBXFileReference; lastKnownFileType = sourcecode.c.h; name = ConnectionUIHelper.h; path = ../../Source/Common/ConnectionUIHelper.h; sourceTree = SOURCE_ROOT; };
		CED99BEB7E233872AF13A4C4 /* ../../Source/Transport/ui/TransportUI.cpp */ /* TransportUI.cpp */ = {isa = PBXFileReference; lastKnownFileType = sourcecode.cpp.cpp; name = TransportUI.cpp; path = ../../Source/Transport/ui/TransportUI.cpp; sourceTree = SOURCE_ROOT; };
		CEF85D1DE39EFB3132381DB5 /* ../../Source/Node/Connection/ui/NodeConnectionViewUI.cpp */ /* NodeConnectionViewUI.cpp */ = {isa = PBXFileReference; lastKnownFileType = sourcecode.cpp.cpp; name = NodeConnectionViewUI.cpp; path = ../../Source/Node/Connection/ui/NodeConnectionViewUI.cpp; sourceTree = SOURCE_ROOT; };
		CF6BB4052E1E8C4021B592EB /* ../../Source/Common/Serial/SerialDevice.cpp */ /* SerialDevice.cpp */ = {isa = PBXFileReference; lastKnownFileType = sourcecode.cpp.cpp; name = SerialDevice.cpp; path = ../../Source/Common/Serial/SerialDevice.cpp; sourceTree = SOURCE_ROOT; };
		D185190C2BB3B6311FBE3F77 /* ../../Source/Engine/ui/AudioManagerEditor.h */ /* AudioManagerEditor.h */ = {isa = PBXFileReference; lastKnownFileType = sourcecode.c.h; name = AudioManagerEditor.h; path = ../../Source/Engine/ui/AudioManagerEditor.h; sourceTree = SOURCE_ROOT; };
		D1E297B7B8E3890B7F433D06 /* ../../Source/Node/nodes/mixer/MixerNode.h */ /* MixerNode.h */ = {isa = PBXFileReference; lastKnownFileType = sourcecode.c.h; name = MixerNode.h; path = ../../Source/Node/nodes/mixer/MixerNode.h; sourceTree = SOURCE_ROOT; };
		D55E6C3560B00EB02FAF009E /* ../../Source/Interface/ui/InterfaceUI.h */ /* InterfaceUI.h */ = {isa = PBXFileReference; lastKnownFileType = sourcecode.c.h; name = InterfaceUI.h; path = ../../Source/Interface/ui/InterfaceUI.h; sourceTree = SOURCE_ROOT; };
		D568ABAE4F370BD92BF16787 /* System/Library/Frameworks/CoreMIDI.framework */ /* CoreMIDI.framework */ = {isa = PBXFileReference; lastKnownFileType = wrapper.framework; name = CoreMIDI.framework; path = System/Library/Frameworks/CoreMIDI.framework; sourceTree = SDKROOT; };
		D700123C2B1B7BAA4CE0D72C /* ../../Resources/crash.png */ /* crash.png */ = {isa = PBXFileReference; lastKnownFileType = image.png; name = crash.png; path = ../../Resources/crash.png; sourceTree = SOURCE_ROOT; };
		D79881BCEEE0D572090EFD7F /* ../../JuceLibraryCode/include_juce_audio_processors.mm */ /* include_juce_audio_processors.mm */ = {isa = PBXFileReference; lastKnownFileType = sourcecode.cpp.objcpp; name = include_juce_audio_processors.mm; path = ../../JuceLibraryCode/include_juce_audio_processors.mm; sourceTree = SOURCE_ROOT; };
		D94A0DB2F0FE0BCE7C2D2B78 /* ../../JuceLibraryCode/include_juce_events.mm */ /* include_juce_events.mm */ = {isa = PBXFileReference; lastKnownFileType = sourcecode.cpp.objcpp; name = include_juce_events.mm; path = ../../JuceLibraryCode/include_juce_events.mm; sourceTree = SOURCE_ROOT; };
		D9D1372E70FB917C1F7539EC /* ../../JuceLibraryCode/BinaryData.h */ /* BinaryData.h */ = {isa = PBXFileReference; lastKnownFileType = sourcecode.c.h; name = BinaryData.h; path = ../../JuceLibraryCode/BinaryData.h; sourceTree = SOURCE_ROOT; };
		DAA80D35A376B32DB21ABF1B /* ../../Source/Common/MIDI/MTCSender.cpp */ /* MTCSender.cpp */ = {isa = PBXFileReference; lastKnownFileType = sourcecode.cpp.cpp; name = MTCSender.cpp; path = ../../Source/Common/MIDI/MTCSender.cpp; sourceTree = SOURCE_ROOT; };
		DB5BA6584B95771395BC957F /* ../../JUCE/modules/juce_audio_devices */ /* juce_audio_devices */ = {isa = PBXFileReference; lastKnownFileType = folder; name = juce_audio_devices; path = ../../JUCE/modules/juce_audio_devices; sourceTree = SOURCE_ROOT; };
		DC0C72D88A46EFB892562EEF /* ../../Modules/juce_simpleweb */ /* juce_simpleweb */ = {isa = PBXFileReference; lastKnownFileType = folder; name = juce_simpleweb; path = ../../Modules/juce_simpleweb; sourceTree = SOURCE_ROOT; };
		DDDE73BE013ABB74466D9B4F /* ../../JuceLibraryCode/include_juce_audio_formats.mm */ /* include_juce_audio_formats.mm */ = {isa = PBXFileReference; lastKnownFileType = sourcecode.cpp.objcpp; name = include_juce_audio_formats.mm; path = ../../JuceLibraryCode/include_juce_audio_formats.mm; sourceTree = SOURCE_ROOT; };
		E0030CE5FB0E247A4CF27996 /* ../../Source/Node/ui/NodeViewUI.cpp */ /* NodeViewUI.cpp */ = {isa = PBXFileReference; lastKnownFileType = sourcecode.cpp.cpp; name = NodeViewUI.cpp; path = ../../Source/Node/ui/NodeViewUI.cpp; sourceTree = SOURCE_ROOT; };
		E282EE4A56F6B3D0E732F78F /* ../../Source/Node/ui/NodeManagerViewUI.cpp */ /* NodeManagerViewUI.cpp */ = {isa = PBXFileReference; lastKnownFileType = sourcecode.cpp.cpp; name = NodeManagerViewUI.cpp; path = ../../Source/Node/ui/NodeManagerViewUI.cpp; sourceTree = SOURCE_ROOT; };
		E3B4DB1C8E19F161B94004B7 /* ../../Source/Main.h */ /* Main.h */ = {isa = PBXFileReference; lastKnownFileType = sourcecode.c.h; name = Main.h; path = ../../Source/Main.h; sourceTree = SOURCE_ROOT; };
		E57E2545D068B5EBC5CE0303 /* ../../JUCE/modules/juce_dsp */ /* juce_dsp */ = {isa = PBXFileReference; lastKnownFileType = folder; name = juce_dsp; path = ../../JUCE/modules/juce_dsp; sourceTree = SOURCE_ROOT; };
		E58E95BFB7B15AF49F22719A /* ../../Source/Node/NodeFactory.cpp */ /* NodeFactory.cpp */ = {isa = PBXFileReference; lastKnownFileType = sourcecode.cpp.cpp; name = NodeFactory.cpp; path = ../../Source/Node/NodeFactory.cpp; sourceTree = SOURCE_ROOT; };
		E5D08F15BB5AB706BEA2970C /* ../../Source/Node/ui/NodeViewUI.h */ /* NodeViewUI.h */ = {isa = PBXFileReference; lastKnownFileType = sourcecode.c.h; name = NodeViewUI.h; path = ../../Source/Node/ui/NodeViewUI.h; sourceTree = SOURCE_ROOT; };
		EB3D0AB52B22A175720CB98A /* ../../Source/Node/Connection/ui/NodeConnectionManagerViewUI.cpp */ /* NodeConnectionManagerViewUI.cpp */ = {isa = PBXFileReference; lastKnownFileType = sourcecode.cpp.cpp; name = NodeConnectionManagerViewUI.cpp; path = ../../Source/Node/Connection/ui/NodeConnectionManagerViewUI.cpp; sourceTree = SOURCE_ROOT; };
		EF8A084EAE63305FD16CD2D0 /* ../../Source/Node/Connection/ui/NodeConnectionEditor.cpp */ /* NodeConnectionEditor.cpp */ = {isa = PBXFileReference; lastKnownFileType = sourcecode.cpp.cpp; name = NodeConnectionEditor.cpp; path = ../../Source/Node/Connection/ui/NodeConnectionEditor.cpp; sourceTree = SOURCE_ROOT; };
		F0DC7BA1288CB8F0C5BEBB8D /* ../../Source/Node/nodes/container/ContainerNode.cpp */ /* ContainerNode.cpp */ = {isa = PBXFileReference; lastKnownFileType = sourcecode.cpp.cpp; name = ContainerNode.cpp; path = ../../Source/Node/nodes/container/ContainerNode.cpp; sourceTree = SOURCE_ROOT; };
		F11E5C9F411D5F4CAA0045B4 /* ../../JuceLibraryCode/include_juce_graphics.mm */ /* include_juce_graphics.mm */ = {isa = PBXFileReference; lastKnownFileType = sourcecode.cpp.objcpp; name = include_juce_graphics.mm; path = ../../JuceLibraryCode/include_juce_graphics.mm; sourceTree = SOURCE_ROOT; };
		F2A3009EE687E67083D5AF68 /* ../../Source/Node/nodes/looper/LooperNode.h */ /* LooperNode.h */ = {isa = PBXFileReference; lastKnownFileType = sourcecode.c.h; name = LooperNode.h; path = ../../Source/Node/nodes/looper/LooperNode.h; sourceTree = SOURCE_ROOT; };
		F4F5AC482E51A089C9222AB1 /* ../../Source/Node/nodes/looper/AudioLooperNode.h */ /* AudioLooperNode.h */ = {isa = PBXFileReference; lastKnownFileType = sourcecode.c.h; name = AudioLooperNode.h; path = ../../Source/Node/nodes/looper/AudioLooperNode.h; sourceTree = SOURCE_ROOT; };
		F5B5365F6DAA755EAF8E1022 /* ../../JUCE/modules/juce_gui_extra */ /* juce_gui_extra */ = {isa = PBXFileReference; lastKnownFileType = folder; name = juce_gui_extra; path = ../../JUCE/modules/juce_gui_extra; sourceTree = SOURCE_ROOT; };
		F7546626F5987ED1AFE6D40A /* ../../JuceLibraryCode/include_juce_organicui3.cpp */ /* include_juce_organicui3.cpp */ = {isa = PBXFileReference; lastKnownFileType = sourcecode.cpp.cpp; name = include_juce_organicui3.cpp; path = ../../JuceLibraryCode/include_juce_organicui3.cpp; sourceTree = SOURCE_ROOT; };
		F942675BAAAF04A80D9B1F82 /* ../../Source/Engine/ui/VSTManagerUI.h */ /* VSTManagerUI.h */ = {isa = PBXFileReference; lastKnownFileType = sourcecode.c.h; name = VSTManagerUI.h; path = ../../Source/Engine/ui/VSTManagerUI.h; sourceTree = SOURCE_ROOT; };
		F974C2D82E5178DFE1C8CA09 /* ../../Source/Node/nodes/looper/LooperNode.cpp */ /* LooperNode.cpp */ = {isa = PBXFileReference; lastKnownFileType = sourcecode.cpp.cpp; name = LooperNode.cpp; path = ../../Source/Node/nodes/looper/LooperNode.cpp; sourceTree = SOURCE_ROOT; };
		FBCDB20CE999BAE758327213 /* ../../Source/Interface/Interface.cpp */ /* Interface.cpp */ = {isa = PBXFileReference; lastKnownFileType = sourcecode.cpp.cpp; name = Interface.cpp; path = ../../Source/Interface/Interface.cpp; sourceTree = SOURCE_ROOT; };
		FC57670C4734632FC50D2C47 /* ../../JuceLibraryCode/include_juce_audio_basics.mm */ /* include_juce_audio_basics.mm */ = {isa = PBXFileReference; lastKnownFileType = sourcecode.cpp.objcpp; name = include_juce_audio_basics.mm; path = ../../JuceLibraryCode/include_juce_audio_basics.mm; sourceTree = SOURCE_ROOT; };
		FE20A325656D2383B83A86BE /* ../../Source/Node/ui/NodeUI.h */ /* NodeUI.h */ = {isa = PBXFileReference; lastKnownFileType = sourcecode.c.h; name = NodeUI.h; path = ../../Source/Node/ui/NodeUI.h; sourceTree = SOURCE_ROOT; };
		FE6B21EF19C19C84D19F48B6 /* ../../JuceLibraryCode/include_juce_organicui4.cpp */ /* include_juce_organicui4.cpp */ = {isa = PBXFileReference; lastKnownFileType = sourcecode.cpp.cpp; name = include_juce_organicui4.cpp; path = ../../JuceLibraryCode/include_juce_organicui4.cpp; sourceTree = SOURCE_ROOT; };
		FF38CAF59F3A08E5FDB1555F /* ../../Source/Engine/LGMLEngine.cpp */ /* LGMLEngine.cpp */ = {isa = PBXFileReference; lastKnownFileType = sourcecode.cpp.cpp; name = LGMLEngine.cpp; path = ../../Source/Engine/LGMLEngine.cpp; sourceTree = SOURCE_ROOT; };
		FF6235215066077E631E8E7F /* ../../Source/Common/MIDI/MTCReceiver.cpp */ /* MTCReceiver.cpp */ = {isa = PBXFileReference; lastKnownFileType = sourcecode.cpp.cpp; name = MTCReceiver.cpp; path = ../../Source/Common/MIDI/MTCReceiver.cpp; sourceTree = SOURCE_ROOT; };
		FFB9FE18EDE98ED562311990 /* ../../JUCE/modules/juce_data_structures */ /* juce_data_structures */ = {isa = PBXFileReference; lastKnownFileType = folder; name = juce_data_structures; path = ../../JUCE/modules/juce_data_structures; sourceTree = SOURCE_ROOT; };
/* End PBXFileReference section */

/* Begin PBXFrameworksBuildPhase section */
		C8E34EDB5B780D38068E3C90 = {
			isa = PBXFrameworksBuildPhase;
			buildActionMask = 2147483647;
			files = (
				277AD72D0C0FE152193686B7,
				733DD41903EBF2C2F5BB411D,
				80719916864403CC1F3D5EB8,
				67A3BDC18146BBB83BCD7CD3,
				1DF9AAF8A37747B30F2241AF,
				DAC569BEE695B17CCBCC2148,
				9E8467F9D7C26813045C7414,
				B815C735D399C97D12A77153,
				4587F11EFF24223DE0726BE5,
				94FA27662E6EEEAC465873C3,
				5C8A6C5D3BEC266DEE432DFE,
				4FC098D6A99C54CF3788A48C,
				CFEFF05EFD1D55458347C970,
				E8FE75A8B168ACCCFF304651,
			);
			runOnlyForDeploymentPostprocessing = 0;
		};
/* End PBXFrameworksBuildPhase section */

/* Begin PBXGroup section */
		07C7B46FEDC49DC296D12F82 /* Resources */ = {
			isa = PBXGroup;
			children = (
				D700123C2B1B7BAA4CE0D72C,
				A12465D7DF1BFF4A884E0419,
				AA945CC20764842E354B19A9,
				9A553D8657F4CF212E167AB8,
				826A5F200C72ABEF2B7B250D,
				AEE60D19F3BAD77A377EEEF5,
			);
			name = Resources;
			sourceTree = "<group>";
		};
		0C3379ACA803E5942B464F8C /* ui */ = {
			isa = PBXGroup;
			children = (
				2C20037FB72504C4BD9A339D,
				B3AA1093E61438C4D5B58128,
				E282EE4A56F6B3D0E732F78F,
				055A97C6CE8F759C0DB6AF47,
				8B2CB4E39ADD7811904BDFA0,
				FE20A325656D2383B83A86BE,
				E0030CE5FB0E247A4CF27996,
				E5D08F15BB5AB706BEA2970C,
			);
			name = ui;
			sourceTree = "<group>";
		};
		1834F26161841A46090DCB6A /* Interface */ = {
			isa = PBXGroup;
			children = (
				C9049940E11F12EA6DB7A456,
				FBCDB20CE999BAE758327213,
				CDC194B8727EC2780FD680C5,
				7DB2AC6358846EAA873A9436,
				3507D76DD6E7B7A6CEA14CD2,
			);
			name = Interface;
			sourceTree = "<group>";
		};
		23A797ADED3B52E6EDFC29E5 /* Engine */ = {
			isa = PBXGroup;
			children = (
				CFA2ABC1B8D7FC4244FC5DB9,
				7670D58AA0FFEFAA0412609F,
				BB3CEC2114AE9ED824C6BF41,
				FF38CAF59F3A08E5FDB1555F,
				60888D1F97030755C7BE8724,
				6352599CD8E6D8DB64962308,
				9A6F4A27603A8B870B1F0886,
				C1A78D0E5338B2A24824BF37,
				A2E8AE8B6150651510F66CC5,
			);
			name = Engine;
			sourceTree = "<group>";
		};
		2799F26C8A7309D214CD5310 /* ui */ = {
			isa = PBXGroup;
			children = (
				EF8A084EAE63305FD16CD2D0,
				0D55825E638DFCD338C1E581,
				EB3D0AB52B22A175720CB98A,
				2042839E264FD8B0357DD1DF,
				CEF85D1DE39EFB3132381DB5,
				3A7117A8F37403142F89CA73,
				78D14554A5AB9F38E531B5BB,
				07DF8431BFEA9C4D0AAC785F,
			);
			name = ui;
			sourceTree = "<group>";
		};
		2C34DE17AC4CEA668E468357 /* ui */ = {
			isa = PBXGroup;
			children = (
				A6D9C1B2426EE8972DB8A81B,
				A36547C48B0DFFAC81AEBEFD,
				359E621A6871EF9BDCD30FF6,
				00572176DF83C52AE2388993,
			);
			name = ui;
			sourceTree = "<group>";
		};
		2D4172D9F5EBDB08987A6075 /* Frameworks */ = {
			isa = PBXGroup;
			children = (
				20F63F1A3C198862AF6C4326,
				4E67D17383B701E0FFD53754,
				3D2CBC346A0DEA15D4CC6D78,
				A74F9AEDDDB240B88F9ED92D,
				148F888C5AC71F227501279F,
				030848E425B59E04EC0D9FF5,
				25C6CFFA3282EB81DB67A6AF,
				D568ABAE4F370BD92BF16787,
				C1506F409953753093758A71,
				14F932711A4916D2E2DF6896,
				3DCAA901175936711B7515FF,
				237984418F226657BC6FDEB6,
				0541796DAE701E4B19F42390,
				00691923FD0FEF27E71438CD,
			);
			name = Frameworks;
			sourceTree = "<group>";
		};
		30D10D8D5E568AB9EAFBF3D2 /* Source */ = {
			isa = PBXGroup;
			children = (
				AB2EAE186BA2D8E3194CD66A,
				49CACEED869397C5780F27A3,
				B930FFF67622C886A75EF18D,
				D01E602D1E7A6C052D9D48C2,
				2D4172D9F5EBDB08987A6075,
				CAB283EF9CCB34E019721DEE,
			);
			name = Source;
			sourceTree = "<group>";
		};
		31185E76108A9B1930066794 /* ui */ = {
			isa = PBXGroup;
			children = (
				8530BA68A7A0DE66DF8BC751,
				481F8169D03A59F4A07EF0A3,
				55EEAD8AFDD8024BA2524572,
				332CC0D25665437AA47C86C0,
				1D3C8F499EB1E5E8AF9B16E9,
				13CF90DFC1204A7632151D4E,
			);
			name = ui;
			sourceTree = "<group>";
		};
		34E7D8CD750B11C84B3F7E4D /* io */ = {
			isa = PBXGroup;
			children = (
				923C61D6DAB9196F0E96013D,
				04AD8E7D91666FBCBAF19258,
				3FF7005A99CCC5AC2F5A4EFD,
				488A1FB6D629F4C2D3640F0E,
				A8A5D0D5235E7FFD595D5932,
			);
			name = io;
			sourceTree = "<group>";
		};
		37E4D7A2A95DDEB77DD2F3B0 /* list_ports */ = {
			isa = PBXGroup;
			children = (
				2A00FB335325AFC037E3C916,
				B9A3D953F44F285AC5202522,
				A5F8A45FE7AE9E352DBDDB27,
			);
			name = list_ports;
			sourceTree = "<group>";
		};
		3BB4CE6C12326AB495656F12 /* Node */ = {
			isa = PBXGroup;
			children = (
				B50A8C41E2A3E13891A04750,
				0C3379ACA803E5942B464F8C,
				9BBA54FAAB2B58725091A8EB,
				4647F2C3AE98B4565DA5939F,
				A8FF7EA1FDC144D4C0EE2DFF,
				5E55B89A27AC99BF159D09D9,
				33C19109F622D4DCB2C7A883,
				E58E95BFB7B15AF49F22719A,
				7E6641CABABC875FA8969C40,
			);
			name = Node;
			sourceTree = "<group>";
		};
		4685660EA29D5B14D2F50AE8 /* ui */ = {
			isa = PBXGroup;
			children = (
				CED99BEB7E233872AF13A4C4,
				9E7AC99D6D19917D0EDD48A0,
			);
			name = ui;
			sourceTree = "<group>";
		};
		49CACEED869397C5780F27A3 /* JUCE Modules */ = {
			isa = PBXGroup;
			children = (
				3C367EB6C479169090DCDEFA,
				DB5BA6584B95771395BC957F,
				72BA93CDF92AD6A1BB316341,
				3B648BA173A7A80D94ACF15A,
				45EBA046163FD48C438E6762,
				66B4B782515353C1F61ED957,
				FFB9FE18EDE98ED562311990,
				E57E2545D068B5EBC5CE0303,
				3BD5980A303DD58EB04D9E88,
				94EBFC9E01BF1A5003DCBFF5,
				AEE8FFF9F5B9AC834A3B5EBE,
				F5B5365F6DAA755EAF8E1022,
				3A41A9EB3C9D087C84D4CFA3,
				1178B25810D021BCD1237144,
				CE0C34ADCDA41B7FC8B56509,
				DC0C72D88A46EFB892562EEF,
			);
			name = "JUCE Modules";
			sourceTree = "<group>";
		};
		4AF796141BEF50DFEDDDB512 /* Common */ = {
			isa = PBXGroup;
			children = (
				6A34FB08D1CC756AA228A248,
				C82E8E3DD8C513FE3B127D2B,
				7B0FD2332F68D984B42CB497,
				4DBCD849176092A5C7EA5C1C,
				873A7EC76C6DB60E6CD566A4,
				00A2F0B94E896892BD218107,
				4512B8F41500EB4419C62669,
				CE2F73FF261289B9C99F6D48,
				BE191D2B96E7D24AF95BD784,
			);
			name = Common;
			sourceTree = "<group>";
		};
		604D1A4C6CC59DD48C38E980 /* spat */ = {
			isa = PBXGroup;
			children = (
				31185E76108A9B1930066794,
				88B80FF1A1B7C9BA9C8A51A1,
				1E7C9B73E1AB82EE70757017,
				3D00A98E8D33E781EE04DA18,
				C19A9A9A8C73EF6397DB633F,
			);
			name = spat;
			sourceTree = "<group>";
		};
		6A34FB08D1CC756AA228A248 /* MIDI */ = {
			isa = PBXGroup;
			children = (
				2C34DE17AC4CEA668E468357,
				5B2C68E32F934D4FB1D0AF6E,
				77EAF3995CFF0123B871E786,
				97BE76C173A3573CFFE385EE,
				659337DA8FE1FC15294DE07C,
				5610546358E3D49357019B8F,
				2F088687C3123C4B2C3EDDEA,
				FF6235215066077E631E8E7F,
				8B4563EC8682DDD1AB5A2F1B,
				DAA80D35A376B32DB21ABF1B,
				45B3D99932058745889AAAD7,
			);
			name = MIDI;
			sourceTree = "<group>";
		};
		739125875A412E22BA1F340A /* sampler */ = {
			isa = PBXGroup;
			children = (
				D44AFBEB3B04641AAEB47EB2,
				35F2E512694843E8F47287AE,
				9ABC4117FE3815F91AE0F383,
			);
			name = sampler;
			sourceTree = "<group>";
		};
		7F3FE8ED390728CFD060A975 /* serial */ = {
			isa = PBXGroup;
			children = (
				F0A1EAD185376B8308EAB87F,
				AE29D315CADC57663A013656,
			);
			name = serial;
			sourceTree = "<group>";
		};
		873614FF407C0F9BFEB97260 /* Source */ = {
			isa = PBXGroup;
			children = (
				4AF796141BEF50DFEDDDB512,
				23A797ADED3B52E6EDFC29E5,
				1834F26161841A46090DCB6A,
				3BB4CE6C12326AB495656F12,
				AFF96E1E0FC36F1DFD571793,
				E3B4DB1C8E19F161B94004B7,
				8E025BE22DED84DB6430C771,
				C1D0B4037859783CB9E525E5,
				4B982CEDC55A9BE7B87BCC59,
				5CD89BBDF3160B85DEE0469B,
			);
			name = Source;
			sourceTree = "<group>";
		};
		8A78C3E4E3CC79EFBFA4015B /* mixer */ = {
			isa = PBXGroup;
			children = (
				DC67AFA29FF5093B597F2F5F,
				B8D7F037E1CA17E413E823DA,
				D1E297B7B8E3890B7F433D06,
			);
			name = mixer;
			sourceTree = "<group>";
		};
		923C61D6DAB9196F0E96013D /* ui */ = {
			isa = PBXGroup;
			children = (
				0F1AEC80222EA651B4E3A1E4,
				5C49FE9037AA761C5744B18D,
			);
			name = ui;
			sourceTree = "<group>";
		};
		9BBA54FAAB2B58725091A8EB /* nodes */ = {
			isa = PBXGroup;
			children = (
				739125875A412E22BA1F340A,
				AE68239E13857674F81CB013,
				C5170D47C1DE46CA9995D101,
				CA5E42D969D02726DF63E480,
				C84229A4BED380C6EA19E880,
				604D1A4C6CC59DD48C38E980,
				8A78C3E4E3CC79EFBFA4015B,
				34E7D8CD750B11C84B3F7E4D,
			);
			name = nodes;
			sourceTree = "<group>";
		};
		9CC660CBFABCDD9A4549061A /* ui */ = {
			isa = PBXGroup;
			children = (
				84D2879FC27A3B0FB0227AAE,
				C0EF384DA8EC9EDB0BF3C0E3,
				8C29D7354E42E53340668E47,
				BE1556843A6B69311B79A4D0,
			);
			name = ui;
			sourceTree = "<group>";
		};
		AACE194E26B36AE507DD948C /* cobs */ = {
			isa = PBXGroup;
			children = (
				1A3FCD8F1A1D0EAB67CCB561,
				327C7D386076B9A825C02210,
			);
			name = cobs;
			sourceTree = "<group>";
		};
		AB2EAE186BA2D8E3194CD66A /* LGML */ = {
			isa = PBXGroup;
			children = (
				07C7B46FEDC49DC296D12F82,
				873614FF407C0F9BFEB97260,
			);
			name = LGML;
			sourceTree = "<group>";
		};
		AE68239E13857674F81CB013 /* looper */ = {
			isa = PBXGroup;
			children = (
				F30E3A5821F440061A13389D,
				A7A9F61A5231C14E9C3727BA,
				F4F5AC482E51A089C9222AB1,
				70980459B2FCF9B564E37411,
				4FDE5F96C33546CB2F65C53F,
				F974C2D82E5178DFE1C8CA09,
				F2A3009EE687E67083D5AF68,
				A4DBBD95E70CB4701AEB5AE9,
				7E797A2782749B5536F25F2E,
				AAC144AD2644909839DE1622,
				3D3E664144ABBC910726B7F5,
				CC6D02F4097155EF3C88BADC,
				612167DB194E292CB8B633EB,
			);
			name = looper;
			sourceTree = "<group>";
		};
		AFF96E1E0FC36F1DFD571793 /* Transport */ = {
			isa = PBXGroup;
			children = (
				4685660EA29D5B14D2F50AE8,
				859F4958802D47DEEC06564B,
				81B8D749DB349439DB9F55CA,
			);
			name = Transport;
			sourceTree = "<group>";
		};
		B50A8C41E2A3E13891A04750 /* Connection */ = {
			isa = PBXGroup;
			children = (
				2799F26C8A7309D214CD5310,
				82617B1F023E813F6B61DB55,
				5E1F18975A1E63FEFC5FE61C,
				4F1A28AA9EE3359DCD52B0BC,
				1A294BBC28883F10E2499A5A,
			);
			name = Connection;
			sourceTree = "<group>";
		};
		B930FFF67622C886A75EF18D /* JUCE Library Code */ = {
			isa = PBXGroup;
			children = (
				C581EDAA4D805AC8BEDD0F90,
				D9D1372E70FB917C1F7539EC,
				FC57670C4734632FC50D2C47,
				C6194CC60A33215D7E62429B,
				DDDE73BE013ABB74466D9B4F,
				D79881BCEEE0D572090EFD7F,
				9C2A390D94243CD049AA35EC,
				4E745442DDAFDF4E04490267,
				5AD384D4D6F8086C677B641A,
				24AE3A7A38EA7A306C670367,
				D94A0DB2F0FE0BCE7C2D2B78,
				F11E5C9F411D5F4CAA0045B4,
				C48A57AB25DBA5C512ACDB2C,
				BEC21D9389CC84DE2A6A22C6,
				B50559696E5176264924A111,
				0DA31F87CFF887F48593D7E6,
				741145CF557D3323427536E9,
				5757572F2471A7439BA771F5,
				F7546626F5987ED1AFE6D40A,
				FE6B21EF19C19C84D19F48B6,
				1EBAAFB7B33347A8FACCEFA5,
				67038B9140608DAD8B6E6934,
				9AC376B4418CF6BA712F68CE,
				16D3E51E2FDD32BB40CAE5D0,
			);
			name = "JUCE Library Code";
			sourceTree = "<group>";
		};
		B9B329DB3CBBA5F2519E7692 /* lib */ = {
			isa = PBXGroup;
			children = (
				AACE194E26B36AE507DD948C,
				7F3FE8ED390728CFD060A975,
			);
			name = lib;
			sourceTree = "<group>";
		};
		C5170D47C1DE46CA9995D101 /* router */ = {
			isa = PBXGroup;
			children = (
				EB41BC30EB08720928407BD7,
				1C7BD5C82793FFA795954C26,
				BF96028056999CEE68077EBD,
			);
			name = router;
			sourceTree = "<group>";
		};
		C82E8E3DD8C513FE3B127D2B /* Serial */ = {
			isa = PBXGroup;
			children = (
				B9B329DB3CBBA5F2519E7692,
				CF6BB4052E1E8C4021B592EB,
				0E6020EE96215C2885DE5CD6,
				C39971C2F79C6B0EE77F1C6C,
				120660DDA13AF7FB2937C91C,
				75F216D420AA2A5C657DA8E7,
				27613EF4E999808F2616E3D5,
			);
			name = Serial;
			sourceTree = "<group>";
		};
		C84229A4BED380C6EA19E880 /* vst */ = {
			isa = PBXGroup;
			children = (
				9CC660CBFABCDD9A4549061A,
				B023B4BC9ADDF0EA07CFF028,
				18276969FFAAACF0866ECBE0,
				36A9825F0D2DD9FF84EA17E1,
				3CDD5D2E812DBD7836CF59C1,
			);
			name = vst;
			sourceTree = "<group>";
		};
		C9049940E11F12EA6DB7A456 /* ui */ = {
			isa = PBXGroup;
			children = (
				2D135AC85A276C70A2901974,
				C8B163D1585B4EDB4DCBA97B,
				916E75D0D07D60EB2A455F8B,
				D55E6C3560B00EB02FAF009E,
			);
			name = ui;
			sourceTree = "<group>";
		};
		CA5E42D969D02726DF63E480 /* container */ = {
			isa = PBXGroup;
			children = (
				D5DEC397B067D4AFF1EDF0B7,
				F0DC7BA1288CB8F0C5BEBB8D,
				8979D1146726E3DAAC1E29D6,
			);
			name = container;
			sourceTree = "<group>";
		};
		CAB283EF9CCB34E019721DEE /* Products */ = {
			isa = PBXGroup;
			children = (
				8096301EEC61AAC32909A2B1,
			);
			name = Products;
			sourceTree = "<group>";
		};
		CFA2ABC1B8D7FC4244FC5DB9 /* ui */ = {
			isa = PBXGroup;
			children = (
				40B6E0978832E28C7C37F16E,
				D185190C2BB3B6311FBE3F77,
				33D4BB6BBEC6AA9F3FA95365,
				F942675BAAAF04A80D9B1F82,
			);
			name = ui;
			sourceTree = "<group>";
		};
		D01E602D1E7A6C052D9D48C2 /* Resources */ = {
			isa = PBXGroup;
			children = (
				694AF08C7A6CAB9EC37B3BE3,
				9E775318D3325A8F050B1C20,
				091EEE0FF52DF9B2CE28BCBE,
			);
			name = Resources;
			sourceTree = "<group>";
		};
		D44AFBEB3B04641AAEB47EB2 /* ui */ = {
			isa = PBXGroup;
			children = (
				6451E52FC5624125BFEA57EF,
				C99B23EE9C37D372FCD5B84D,
			);
			name = ui;
			sourceTree = "<group>";
		};
		D5DEC397B067D4AFF1EDF0B7 /* ui */ = {
			isa = PBXGroup;
			children = (
				498A61F43013F8E31F2027EC,
				1224794C0E042C6573A0ACC8,
			);
			name = ui;
			sourceTree = "<group>";
		};
		DC67AFA29FF5093B597F2F5F /* ui */ = {
			isa = PBXGroup;
			children = (
				6F1D4F401F68DDCD1214D472,
				A31D9931E553C7DCAB5C0E2D,
			);
			name = ui;
			sourceTree = "<group>";
		};
		EB41BC30EB08720928407BD7 /* ui */ = {
			isa = PBXGroup;
			children = (
				373F435ABA8CA74095B493EF,
				3A77AA3938C799E55987D429,
			);
			name = ui;
			sourceTree = "<group>";
		};
		F0A1EAD185376B8308EAB87F /* impl */ = {
			isa = PBXGroup;
			children = (
				37E4D7A2A95DDEB77DD2F3B0,
				7826B6FB3EABEC03F4E90C48,
				AEA237F4801479C612F6B8A1,
			);
			name = impl;
			sourceTree = "<group>";
		};
		F30E3A5821F440061A13389D /* ui */ = {
			isa = PBXGroup;
			children = (
				19F11F31D630C760BBCEC079,
				94C52653366FCA618C27220C,
				6D2B35E71D499D9E4E01E9FA,
				37F5F99EC3552832F1043CDD,
			);
			name = ui;
			sourceTree = "<group>";
		};
/* End PBXGroup section */

/* Begin PBXNativeTarget section */
		CEDBFE646754336406EE4841 /* LGML - App */ = {
			isa = PBXNativeTarget;
			buildConfigurationList = 570469A3EB54DA0BA04CC5EF;
			buildPhases = (
				252E30ADDC276673B35CAE2F,
				480818964D56F3E1A3C122AE,
				C8E34EDB5B780D38068E3C90,
			);
			buildRules = (
			);
			dependencies = (
			);
			name = "LGML - App";
			productName = LGML;
			productReference = 8096301EEC61AAC32909A2B1;
			productType = "com.apple.product-type.application";
		};
/* End PBXNativeTarget section */

/* Begin PBXProject section */
		654E08D00AA239F015209CE5 = {
			isa = PBXProject;
			attributes = {
				LastUpgradeCheck = 1240;
				ORGANIZATIONNAME = "";
				TargetAttributes = {
					CEDBFE646754336406EE4841 = {
						SystemCapabilities = {
							com.apple.ApplicationGroups.iOS = {
								enabled = 0;
							};
							com.apple.HardenedRuntime = {
								enabled = 0;
							};
							com.apple.InAppPurchase = {
								enabled = 0;
							};
							com.apple.InterAppAudio = {
								enabled = 0;
							};
							com.apple.Push = {
								enabled = 0;
							};
							com.apple.Sandbox = {
								enabled = 0;
							};
						};
					};
				};
			};
			buildConfigurationList = 30219CF005AC6F86A92DF221;
			compatibilityVersion = "Xcode 3.2";
			hasScannedForEncodings = 0;
			knownRegions = (
				en,
				Base,
			);
			mainGroup = 30D10D8D5E568AB9EAFBF3D2;
			projectDirPath = "";
			projectRoot = "";
			targets = (
				CEDBFE646754336406EE4841,
			);
		};
/* End PBXProject section */

/* Begin PBXResourcesBuildPhase section */
		252E30ADDC276673B35CAE2F = {
			isa = PBXResourcesBuildPhase;
			buildActionMask = 2147483647;
			files = (
				C862E2DAF88ACB6B3B3D916F,
				4EFDBFD373DED0858C08703B,
			);
			runOnlyForDeploymentPostprocessing = 0;
		};
/* End PBXResourcesBuildPhase section */

/* Begin PBXSourcesBuildPhase section */
		480818964D56F3E1A3C122AE = {
			isa = PBXSourcesBuildPhase;
			buildActionMask = 2147483647;
			files = (
				AA2A18630C45CB76F94377F0,
				3A0A6594C4CD6FC013C1B6CC,
				70BAC492F082094B21159CEC,
				EDEC1856A2AFBABE114E3C7D,
				6BD007CD1D8D82A65A911F74,
				5B6D90759725E38BA0A06325,
				7F5C2B59408129CCE964CC80,
				DEDD9B018B5E9DE06C97C605,
				49938A408150C04CAE1280A4,
				CD40EF60B3FCD28CADE5CF02,
				66B929AE2EA804812FFE99DF,
				15952A035297BDE661EA2ED7,
				2BA420EB8AA59E1AC3831701,
				B369571784C4FBED76ED5738,
				BCC7001D3B9642B090090273,
				9A917147555923500B7CA828,
				43DDA6E2A14AA77FC2D35C17,
				476A3EE18EAE02C3BB419F9D,
				8F605F1CD41779C2757D5AB1,
				8E0542A2F682BF40C9A0E4EF,
				996D4E28B6274DB5B3FF3B63,
				60F887BBFCAB43139B150D5C,
				12BC2A74CA935F08EAA472EC,
				DA6F1AEB0B56278EA4E53746,
				C3205CDCFF5DECA0284ED584,
				FF80D6A915F0C3F8434801AC,
				080CC6C4F2020DDC4A6970FB,
				463B977C5D27873BF4673B92,
				2E2A85A0EB295561A4BFE630,
				416A0B87D04FEBDA81C03556,
				82882B6EAF553922853A3DBE,
				2A7937C8EFFC4848B82D9B7F,
				1C791EFC33DC6BEE67A3ECE5,
				1DBD0AA207331F130974F166,
				97B40DB33DF68D5E11A7B8BA,
				9E31C1B4EDB3FB4F28816AC1,
				25D8BC0C2329D31E47DE628A,
				00D76851A8B9D465B2A2842E,
				1E158326F5F572CC0DEE0550,
				BADAEFBC76487F8E5F7FE35B,
				83703621AC11348B1D15BEAF,
				B8D0C4841AA753B93281702E,
				8F1FE1A4CEC1C762DC438BAF,
				AEC35F8423572146E47F0C70,
				A1794DB314B3A94E4E3BF65B,
				5AA204ADEACFF255283733E1,
				8FEDFBAC3111F9067B012C53,
				7B954FED1AA89B2193672805,
				F6F83967BE7C09A27F169D3D,
				BF40A91990E1FB1CC4CF28D3,
				436B4A7F247922AA0B903941,
				87521008636FF00A5662535C,
				FEA2AE3DC66AEAFF67D547F7,
				E4EE4A3B744F33AA3A7D6334,
				16CA15759CD26DC461A161D1,
				5045CC99C38D9CE766F82B6A,
				21DB36313703FE475B623260,
				83613C33A4CB0E8079400D08,
				7F04CAED28FF42045CFB6849,
				71BE39A8BAEC827D77DFF23E,
				AD0EF314914A7C7454BD2EA1,
				5CB4EF23740A2CEE713BCCC2,
				EC9D9679278FD9D140CDB2F5,
				B57FAC03190BFF0C7813BB47,
				DC3F01637C207965CC1432E9,
				C93F78CE99351AE2316C4FB2,
				868B8EEF2C35302C6D091BD5,
				FD7114409F4982F9FA485BE7,
				B04647E3F99DBD999C1EDA37,
				8DC102E307EF75EE0CFFAAA7,
				51B8E3F3726ADC750BCFCB40,
				B77D7F3C8C472791B2EBCA49,
				CC69DFEF15186DE85D0AEEE6,
				C12B0F88DD0B741DEDD4934F,
				D290400B52F9FBD455BB2ED3,
				51EA34DE5982EB525938CC64,
				DD4BB6E638A4FA6F4E19AA99,
				EF69A87F272D7C597C4BBA28,
				450AD1E593412651BDCA2C4F,
				9CDBF499431CB31F73E5E10C,
				31FD584FD2337E72B1500375,
				58A42D74DE300825E6EC3644,
				A960CCA6B39012B32BCA036D,
				F92E79A4600859CB788E9129,
				E98A4BD933822E93D87F0D38,
				88FB56C215505318E2CDE324,
				A88B1580E73C6258C2B09353,
				7AC155A654D74B5167AB4F35,
				48DC06C4B7D4BC49FBDD09A7,
				A8C84B5863A9D94C9AB47162,
				8668D99ED6CE90129C7CBD9B,
				02CBCC84561EDE752436DEC5,
				54DCA5E7DFA35E8A09445713,
				41CC1BAF3544933BBA20F824,
				40F770D66E1BAF7286C96C60,
				383161D8BA5431CBBC808175,
				9C690A6C09D4E52ECF8CE964,
				28C11FD31FE998B37B7BF742,
			);
			runOnlyForDeploymentPostprocessing = 0;
		};
/* End PBXSourcesBuildPhase section */

/* Begin XCBuildConfiguration section */
		1E475356294280DA82BEB36A /* Release */ = {
			isa = XCBuildConfiguration;
			buildSettings = {
				CLANG_CXX_LANGUAGE_STANDARD = "c++17";
				CLANG_CXX_LIBRARY = "libc++";
				CLANG_LINK_OBJC_RUNTIME = NO;
				CODE_SIGN_IDENTITY = "";
				COMBINE_HIDPI_IMAGES = YES;
				CONFIGURATION_BUILD_DIR = "$(PROJECT_DIR)/build/$(CONFIGURATION)";
				DEAD_CODE_STRIPPING = YES;
				GCC_GENERATE_DEBUGGING_SYMBOLS = NO;
				GCC_OPTIMIZATION_LEVEL = 3;
				GCC_PREPROCESSOR_DEFINITIONS = (
					"_NDEBUG=1",
					"NDEBUG=1",
					"JUCE_DISPLAY_SPLASH_SCREEN=0",
					"JUCE_USE_DARK_SPLASH_SCREEN=1",
					"JUCE_PROJUCER_VERSION=0x60008",
					"JUCE_MODULE_AVAILABLE_juce_audio_basics=1",
					"JUCE_MODULE_AVAILABLE_juce_audio_devices=1",
					"JUCE_MODULE_AVAILABLE_juce_audio_formats=1",
					"JUCE_MODULE_AVAILABLE_juce_audio_processors=1",
					"JUCE_MODULE_AVAILABLE_juce_audio_utils=1",
					"JUCE_MODULE_AVAILABLE_juce_core=1",
					"JUCE_MODULE_AVAILABLE_juce_data_structures=1",
					"JUCE_MODULE_AVAILABLE_juce_dsp=1",
					"JUCE_MODULE_AVAILABLE_juce_events=1",
					"JUCE_MODULE_AVAILABLE_juce_graphics=1",
					"JUCE_MODULE_AVAILABLE_juce_gui_basics=1",
					"JUCE_MODULE_AVAILABLE_juce_gui_extra=1",
					"JUCE_MODULE_AVAILABLE_juce_opengl=1",
					"JUCE_MODULE_AVAILABLE_juce_organicui=1",
					"JUCE_MODULE_AVAILABLE_juce_osc=1",
					"JUCE_MODULE_AVAILABLE_juce_simpleweb=1",
					"JUCE_GLOBAL_MODULE_SETTINGS_INCLUDED=1",
					"JUCE_USE_WINRT_MIDI=1",
					"JUCE_ASIO=1",
					"JUCE_WASAPI=1",
					"JUCE_DIRECTSOUND=1",
					"JUCE_ALSA=1",
					"JUCE_JACK=1",
					"JUCE_PLUGINHOST_VST=1",
					"JUCE_PLUGINHOST_VST3=1",
					"JUCE_PLUGINHOST_AU=1",
					"JUCE_STRICT_REFCOUNTEDPOINTER=1",
					"ORGANICUI_USE_SERVUS=1",
					"ORGANICUI_USE_WEBSERVER=1",
					"JUCE_ALLOW_SPECIAL_CHARS_IN_ADDRESS=1",
					"JUCE_ENABLE_BROADCAST_BY_DEFAULT=1",
					"JUCE_EXCLUSIVE_BINDING_BY_DEFAULT=1",
					"JUCE_IP_AND_PORT_DETECTION=1",
					"JUCE_STANDALONE_APPLICATION=1",
					"VST_LOGGING=0",
					"JUCER_XCODE_MAC_2F3811D6=1",
					"JUCE_APP_VERSION=1.0.0b42",
					"JUCE_APP_VERSION_HEX=0x10000",
					"JucePlugin_Build_VST=0",
					"JucePlugin_Build_VST3=0",
					"JucePlugin_Build_AU=0",
					"JucePlugin_Build_AUv3=0",
					"JucePlugin_Build_RTAS=0",
					"JucePlugin_Build_AAX=0",
					"JucePlugin_Build_Standalone=0",
					"JucePlugin_Build_Unity=0",
				);
				GCC_VERSION = com.apple.compilers.llvm.clang.1_0;
				HEADER_SEARCH_PATHS = (
					"$(SRCROOT)/../../JUCE/modules/juce_audio_processors/format_types/VST3_SDK",
					"$(SRCROOT)/../../JuceLibraryCode",
					"$(SRCROOT)/../../JUCE/modules",
					"$(SRCROOT)/../../Modules",
					"$(SRCROOT)/../../External/servus/include",
					"$(SRCROOT)/../../External/dnssd/include",
					"$(SRCROOT)/../../External/serial/include",
					"$(SRCROOT)/../../Source",
					"$(SRCROOT)/../../External/asio",
					"$(SRCROOT)/../../External/servus/include",
					"$(SRCROOT)/../../External/dnssd/include",
					"$(SRCROOT)/../../External/vst2",
					"$(SRCROOT)/../../External/serial/include",
					"$(inherited)",
				);
				INFOPLIST_FILE = Info-App.plist;
				INFOPLIST_PREPROCESS = NO;
				INSTALL_PATH = "$(HOME)/Applications";
				LIBRARY_SEARCH_PATHS = (
					"$(inherited)",
					"\"../../External/servus/lib/osx/release\"",
					"\"../../Modules/juce_simpleweb/libs/MacOSX/${CURRENT_ARCH}\"",
				);
				LLVM_LTO = YES;
				MACOSX_DEPLOYMENT_TARGET = 10.13;
				MTL_HEADER_SEARCH_PATHS = "$(SRCROOT)/../../JUCE/modules/juce_audio_processors/format_types/VST3_SDK $(SRCROOT)/../../JuceLibraryCode $(SRCROOT)/../../JUCE/modules $(SRCROOT)/../../Modules $(SRCROOT)/../../External/servus/include $(SRCROOT)/../../External/dnssd/include $(SRCROOT)/../../External/serial/include $(SRCROOT)/../../Source $(SRCROOT)/../../External/asio $(SRCROOT)/../../External/servus/include $(SRCROOT)/../../External/dnssd/include $(SRCROOT)/../../External/vst2 $(SRCROOT)/../../External/serial/include";
				OTHER_LDFLAGS = "-lServus -lssl -lcrypto";
				PRODUCT_BUNDLE_IDENTIFIER = com.yourcompany.LGML;
				PRODUCT_NAME = "LGML";
				USE_HEADERMAP = NO;
				VALIDATE_WORKSPACE_SKIPPED_SDK_FRAMEWORKS = OpenGL;
				VALID_ARCHS = "x86_64";
			};
			name = Release;
		};
		3D7B0F86B2C21C2D48FB4C72 /* Release */ = {
			isa = XCBuildConfiguration;
			buildSettings = {
				ALWAYS_SEARCH_USER_PATHS = NO;
				CLANG_ENABLE_OBJC_WEAK = YES;
				CLANG_WARN_BLOCK_CAPTURE_AUTORELEASING = YES;
				CLANG_WARN_BOOL_CONVERSION = YES;
				CLANG_WARN_COMMA = YES;
				CLANG_WARN_CONSTANT_CONVERSION = YES;
				CLANG_WARN_DEPRECATED_OBJC_IMPLEMENTATIONS = YES;
				CLANG_WARN_EMPTY_BODY = YES;
				CLANG_WARN_ENUM_CONVERSION = YES;
				CLANG_WARN_INFINITE_RECURSION = YES;
				CLANG_WARN_INT_CONVERSION = YES;
				CLANG_WARN_NON_LITERAL_NULL_CONVERSION = YES;
				CLANG_WARN_OBJC_IMPLICIT_RETAIN_SELF = YES;
				CLANG_WARN_OBJC_LITERAL_CONVERSION = YES;
				CLANG_WARN_RANGE_LOOP_ANALYSIS = YES;
				CLANG_WARN_STRICT_PROTOTYPES = YES;
				CLANG_WARN_SUSPICIOUS_MOVE = YES;
				CLANG_WARN_UNREACHABLE_CODE = YES;
				CLANG_WARN__DUPLICATE_METHOD_MATCH = YES;
				CODE_SIGN_IDENTITY = "";
				DEBUG_INFORMATION_FORMAT = dwarf;
				ENABLE_STRICT_OBJC_MSGSEND = YES;
				ENABLE_TESTABILITY = NO;
				GCC_C_LANGUAGE_STANDARD = c11;
				GCC_INLINES_ARE_PRIVATE_EXTERN = YES;
				GCC_MODEL_TUNING = G5;
				GCC_NO_COMMON_BLOCKS = YES;
				GCC_SYMBOLS_PRIVATE_EXTERN = YES;
				GCC_WARN_64_TO_32_BIT_CONVERSION = YES;
				GCC_WARN_ABOUT_RETURN_TYPE = YES;
				GCC_WARN_CHECK_SWITCH_STATEMENTS = YES;
				GCC_WARN_MISSING_PARENTHESES = YES;
				GCC_WARN_NON_VIRTUAL_DESTRUCTOR = YES;
				GCC_WARN_TYPECHECK_CALLS_TO_PRINTF = YES;
				GCC_WARN_UNDECLARED_SELECTOR = YES;
				GCC_WARN_UNINITIALIZED_AUTOS = YES;
				GCC_WARN_UNUSED_FUNCTION = YES;
				GCC_WARN_UNUSED_VARIABLE = YES;
				PRODUCT_NAME = "LGML";
				SDKROOT = macosx;
				WARNING_CFLAGS = "-Wreorder";
				ZERO_LINK = NO;
			};
			name = Release;
		};
/* End XCBuildConfiguration section */

/* Begin XCConfigurationList section */
		30219CF005AC6F86A92DF221 = {
			isa = XCConfigurationList;
			buildConfigurations = (
				3D7B0F86B2C21C2D48FB4C72,
			);
			defaultConfigurationIsVisible = 0;
			defaultConfigurationName = Release;
		};
		570469A3EB54DA0BA04CC5EF = {
			isa = XCConfigurationList;
			buildConfigurations = (
				1E475356294280DA82BEB36A,
			);
			defaultConfigurationIsVisible = 0;
			defaultConfigurationName = Release;
		};
/* End XCConfigurationList section */
	};
	rootObject = 654E08D00AA239F015209CE5 /* Project object */;
}
